// !$*UTF8*$!
{
	archiveVersion = 1;
	classes = {
	};
	objectVersion = 55;
	objects = {

/* Begin PBXBuildFile section */
		05FDC53B443A17A3B7C74729 /* Pods_MoneyTree.framework in Frameworks */ = {isa = PBXBuildFile; fileRef = 7B1E563776C69B85B0074E1F /* Pods_MoneyTree.framework */; };
		31F14780398AB8AFA9741D01 /* Pods_MoneyTree_MoneyTreeUITests.framework in Frameworks */ = {isa = PBXBuildFile; fileRef = 93BA04161D280B12C0B8D7F2 /* Pods_MoneyTree_MoneyTreeUITests.framework */; };
		98C5198EFCB95FDBF8BCBAA6 /* Pods_MoneyTreeTests.framework in Frameworks */ = {isa = PBXBuildFile; fileRef = 0713DC5FB31F38B84992B4D2 /* Pods_MoneyTreeTests.framework */; };
		991C3C3427FB612F008F1221 /* HomeViewController.swift in Sources */ = {isa = PBXBuildFile; fileRef = 991C3C3327FB612F008F1221 /* HomeViewController.swift */; };
		991C3C3827FB61C3008F1221 /* AppRouter.swift in Sources */ = {isa = PBXBuildFile; fileRef = 991C3C3727FB61C3008F1221 /* AppRouter.swift */; };
		991C3C3A27FB61D9008F1221 /* AppRouterGeneral.swift in Sources */ = {isa = PBXBuildFile; fileRef = 991C3C3927FB61D9008F1221 /* AppRouterGeneral.swift */; };
		991C3C3C27FB61F0008F1221 /* GeneralRoutable.swift in Sources */ = {isa = PBXBuildFile; fileRef = 991C3C3B27FB61F0008F1221 /* GeneralRoutable.swift */; };
		991C3C3F27FB626C008F1221 /* HomeRoutable.swift in Sources */ = {isa = PBXBuildFile; fileRef = 991C3C3E27FB626C008F1221 /* HomeRoutable.swift */; };
		991C3C4127FB629B008F1221 /* AppRouter+Home.swift in Sources */ = {isa = PBXBuildFile; fileRef = 991C3C4027FB629B008F1221 /* AppRouter+Home.swift */; };
		991C3C4327FB69F9008F1221 /* HomeViewModel.swift in Sources */ = {isa = PBXBuildFile; fileRef = 991C3C4227FB69F9008F1221 /* HomeViewModel.swift */; };
		991C3C4527FB6E85008F1221 /* HomeSection.swift in Sources */ = {isa = PBXBuildFile; fileRef = 991C3C4427FB6E85008F1221 /* HomeSection.swift */; };
		991C3C4827FB7030008F1221 /* TableViewDataSource.swift in Sources */ = {isa = PBXBuildFile; fileRef = 991C3C4727FB7030008F1221 /* TableViewDataSource.swift */; };
		991C3C4B27FB7169008F1221 /* SectionSetter.swift in Sources */ = {isa = PBXBuildFile; fileRef = 991C3C4A27FB7169008F1221 /* SectionSetter.swift */; };
		991C3C4D27FB7238008F1221 /* ValueCell.swift in Sources */ = {isa = PBXBuildFile; fileRef = 991C3C4C27FB7238008F1221 /* ValueCell.swift */; };
		991C3C4F27FB7256008F1221 /* ValueCellDataSource.swift in Sources */ = {isa = PBXBuildFile; fileRef = 991C3C4E27FB7256008F1221 /* ValueCellDataSource.swift */; };
		991C3C5227FB73EE008F1221 /* UIViewController+Extensions.swift in Sources */ = {isa = PBXBuildFile; fileRef = 991C3C5127FB73EE008F1221 /* UIViewController+Extensions.swift */; };
		991C3C5527FCB776008F1221 /* HomeTableViewCell.swift in Sources */ = {isa = PBXBuildFile; fileRef = 991C3C5427FCB776008F1221 /* HomeTableViewCell.swift */; };
		991C3C5727FCB786008F1221 /* HomeTableViewCellViewModel.swift in Sources */ = {isa = PBXBuildFile; fileRef = 991C3C5627FCB786008F1221 /* HomeTableViewCellViewModel.swift */; };
		991C3C5927FCC7EE008F1221 /* UITableView+Extensions.swift in Sources */ = {isa = PBXBuildFile; fileRef = 991C3C5827FCC7EE008F1221 /* UITableView+Extensions.swift */; };
		991C3C5B27FCC894008F1221 /* HomeView.swift in Sources */ = {isa = PBXBuildFile; fileRef = 991C3C5A27FCC894008F1221 /* HomeView.swift */; };
		991C3C6827FDF79B008F1221 /* GetAccountsResponse.swift in Sources */ = {isa = PBXBuildFile; fileRef = 991C3C6727FDF79B008F1221 /* GetAccountsResponse.swift */; };
		991C3C6A27FDFE54008F1221 /* HomeInteractor.swift in Sources */ = {isa = PBXBuildFile; fileRef = 991C3C6927FDFE54008F1221 /* HomeInteractor.swift */; };
		991C3C6C27FDFEB5008F1221 /* HomeInterfaces.swift in Sources */ = {isa = PBXBuildFile; fileRef = 991C3C6B27FDFEB5008F1221 /* HomeInterfaces.swift */; };
		991C3C6E27FDFF04008F1221 /* HomeModels.swift in Sources */ = {isa = PBXBuildFile; fileRef = 991C3C6D27FDFF04008F1221 /* HomeModels.swift */; };
		991C3C7327FF0204008F1221 /* BusEvent.swift in Sources */ = {isa = PBXBuildFile; fileRef = 991C3C7227FF0204008F1221 /* BusEvent.swift */; };
		991C3C7527FF0220008F1221 /* EventBus.swift in Sources */ = {isa = PBXBuildFile; fileRef = 991C3C7427FF0220008F1221 /* EventBus.swift */; };
		991C3C7727FF0679008F1221 /* SerialBusEvent.swift in Sources */ = {isa = PBXBuildFile; fileRef = 991C3C7627FF0679008F1221 /* SerialBusEvent.swift */; };
		991C3C7927FF06AD008F1221 /* SubrequestProtocol.swift in Sources */ = {isa = PBXBuildFile; fileRef = 991C3C7827FF06AD008F1221 /* SubrequestProtocol.swift */; };
		991C3C7C27FF06C8008F1221 /* Single+Log.swift in Sources */ = {isa = PBXBuildFile; fileRef = 991C3C7B27FF06C8008F1221 /* Single+Log.swift */; };
		991C3C7E27FF06DD008F1221 /* Observable+Log.swift in Sources */ = {isa = PBXBuildFile; fileRef = 991C3C7D27FF06DD008F1221 /* Observable+Log.swift */; };
		991C3C8127FF0736008F1221 /* SerialSubrequest.swift in Sources */ = {isa = PBXBuildFile; fileRef = 991C3C8027FF0736008F1221 /* SerialSubrequest.swift */; };
		991C3C8327FF074A008F1221 /* ConcurrentSubrequest.swift in Sources */ = {isa = PBXBuildFile; fileRef = 991C3C8227FF074A008F1221 /* ConcurrentSubrequest.swift */; };
		991C3C8527FF0C91008F1221 /* GetAccountsEvent.swift in Sources */ = {isa = PBXBuildFile; fileRef = 991C3C8427FF0C91008F1221 /* GetAccountsEvent.swift */; };
		991C3C8827FF1058008F1221 /* API+Accounts.swift in Sources */ = {isa = PBXBuildFile; fileRef = 991C3C8727FF1058008F1221 /* API+Accounts.swift */; };
		991C3C8B27FF424B008F1221 /* API.swift in Sources */ = {isa = PBXBuildFile; fileRef = 991C3C8A27FF424B008F1221 /* API.swift */; };
		991C3C8D27FF426F008F1221 /* APISuperClass.swift in Sources */ = {isa = PBXBuildFile; fileRef = 991C3C8C27FF426F008F1221 /* APISuperClass.swift */; };
		991C3C91280001C3008F1221 /* APIError.swift in Sources */ = {isa = PBXBuildFile; fileRef = 991C3C90280001C3008F1221 /* APIError.swift */; };
		991C3C9328000473008F1221 /* HomePresenter.swift in Sources */ = {isa = PBXBuildFile; fileRef = 991C3C9228000473008F1221 /* HomePresenter.swift */; };
		991C3C952803FB32008F1221 /* PriceFormatter.swift in Sources */ = {isa = PBXBuildFile; fileRef = 991C3C942803FB32008F1221 /* PriceFormatter.swift */; };
		991C3C9728043BDC008F1221 /* GetTransactionsResponse.swift in Sources */ = {isa = PBXBuildFile; fileRef = 991C3C9628043BDC008F1221 /* GetTransactionsResponse.swift */; };
		991C3C992804543E008F1221 /* DateFormatter+Extensions.swift in Sources */ = {isa = PBXBuildFile; fileRef = 991C3C982804543E008F1221 /* DateFormatter+Extensions.swift */; };
		991C3C9C28045D33008F1221 /* HomeDetailViewController.swift in Sources */ = {isa = PBXBuildFile; fileRef = 991C3C9B28045D33008F1221 /* HomeDetailViewController.swift */; };
		991C3C9E28045D3F008F1221 /* HomeDetailView.swift in Sources */ = {isa = PBXBuildFile; fileRef = 991C3C9D28045D3F008F1221 /* HomeDetailView.swift */; };
		991C3CA028045D4D008F1221 /* HomeDetailInteractor.swift in Sources */ = {isa = PBXBuildFile; fileRef = 991C3C9F28045D4D008F1221 /* HomeDetailInteractor.swift */; };
		991C3CA228045D56008F1221 /* HomeDetailInterfaces.swift in Sources */ = {isa = PBXBuildFile; fileRef = 991C3CA128045D56008F1221 /* HomeDetailInterfaces.swift */; };
		991C3CA428045D60008F1221 /* HomeDetailModels.swift in Sources */ = {isa = PBXBuildFile; fileRef = 991C3CA328045D60008F1221 /* HomeDetailModels.swift */; };
		991C3CA628045D7F008F1221 /* HomeDetailViewModel.swift in Sources */ = {isa = PBXBuildFile; fileRef = 991C3CA528045D7F008F1221 /* HomeDetailViewModel.swift */; };
		991C3CA828045D8D008F1221 /* HomeDetailPresenter.swift in Sources */ = {isa = PBXBuildFile; fileRef = 991C3CA728045D8D008F1221 /* HomeDetailPresenter.swift */; };
		991C3CAA28045D96008F1221 /* HomeDetailSection.swift in Sources */ = {isa = PBXBuildFile; fileRef = 991C3CA928045D96008F1221 /* HomeDetailSection.swift */; };
		991C3CAC28047672008F1221 /* GetTransactionsEvent.swift in Sources */ = {isa = PBXBuildFile; fileRef = 991C3CAB28047672008F1221 /* GetTransactionsEvent.swift */; };
		991C3CAE28055231008F1221 /* Date+Extensions.swift in Sources */ = {isa = PBXBuildFile; fileRef = 991C3CAD28055231008F1221 /* Date+Extensions.swift */; };
		997A83C627FB022B00A074E3 /* AppDelegate.swift in Sources */ = {isa = PBXBuildFile; fileRef = 997A83C527FB022B00A074E3 /* AppDelegate.swift */; };
		997A83C827FB022B00A074E3 /* SceneDelegate.swift in Sources */ = {isa = PBXBuildFile; fileRef = 997A83C727FB022B00A074E3 /* SceneDelegate.swift */; };
		997A83CF27FB022D00A074E3 /* Assets.xcassets in Resources */ = {isa = PBXBuildFile; fileRef = 997A83CE27FB022D00A074E3 /* Assets.xcassets */; };
		997A83D227FB022D00A074E3 /* LaunchScreen.storyboard in Resources */ = {isa = PBXBuildFile; fileRef = 997A83D027FB022D00A074E3 /* LaunchScreen.storyboard */; };
		997A83DD27FB022D00A074E3 /* MoneyTreeTests.swift in Sources */ = {isa = PBXBuildFile; fileRef = 997A83DC27FB022D00A074E3 /* MoneyTreeTests.swift */; };
		997A83E727FB022E00A074E3 /* MoneyTreeUITests.swift in Sources */ = {isa = PBXBuildFile; fileRef = 997A83E627FB022E00A074E3 /* MoneyTreeUITests.swift */; };
		997A83E927FB022E00A074E3 /* MoneyTreeUITestsLaunchTests.swift in Sources */ = {isa = PBXBuildFile; fileRef = 997A83E827FB022E00A074E3 /* MoneyTreeUITestsLaunchTests.swift */; };
/* End PBXBuildFile section */

/* Begin PBXContainerItemProxy section */
		997A83D927FB022D00A074E3 /* PBXContainerItemProxy */ = {
			isa = PBXContainerItemProxy;
			containerPortal = 997A83BA27FB022B00A074E3 /* Project object */;
			proxyType = 1;
			remoteGlobalIDString = 997A83C127FB022B00A074E3;
			remoteInfo = MoneyTree;
		};
		997A83E327FB022D00A074E3 /* PBXContainerItemProxy */ = {
			isa = PBXContainerItemProxy;
			containerPortal = 997A83BA27FB022B00A074E3 /* Project object */;
			proxyType = 1;
			remoteGlobalIDString = 997A83C127FB022B00A074E3;
			remoteInfo = MoneyTree;
		};
/* End PBXContainerItemProxy section */

/* Begin PBXFileReference section */
		0713DC5FB31F38B84992B4D2 /* Pods_MoneyTreeTests.framework */ = {isa = PBXFileReference; explicitFileType = wrapper.framework; includeInIndex = 0; path = Pods_MoneyTreeTests.framework; sourceTree = BUILT_PRODUCTS_DIR; };
		6D22E22A5D8F714B7AA5F017 /* Pods-MoneyTreeTests.release.xcconfig */ = {isa = PBXFileReference; includeInIndex = 1; lastKnownFileType = text.xcconfig; name = "Pods-MoneyTreeTests.release.xcconfig"; path = "Target Support Files/Pods-MoneyTreeTests/Pods-MoneyTreeTests.release.xcconfig"; sourceTree = "<group>"; };
		74F819F91E03593EBFE5283B /* Pods-MoneyTree.release.xcconfig */ = {isa = PBXFileReference; includeInIndex = 1; lastKnownFileType = text.xcconfig; name = "Pods-MoneyTree.release.xcconfig"; path = "Target Support Files/Pods-MoneyTree/Pods-MoneyTree.release.xcconfig"; sourceTree = "<group>"; };
		7A3556731A729A4E4D0416E5 /* Pods-MoneyTreeTests.debug.xcconfig */ = {isa = PBXFileReference; includeInIndex = 1; lastKnownFileType = text.xcconfig; name = "Pods-MoneyTreeTests.debug.xcconfig"; path = "Target Support Files/Pods-MoneyTreeTests/Pods-MoneyTreeTests.debug.xcconfig"; sourceTree = "<group>"; };
		7B1E563776C69B85B0074E1F /* Pods_MoneyTree.framework */ = {isa = PBXFileReference; explicitFileType = wrapper.framework; includeInIndex = 0; path = Pods_MoneyTree.framework; sourceTree = BUILT_PRODUCTS_DIR; };
		8186227DBEE2A0239A757070 /* Pods-MoneyTree-MoneyTreeUITests.release.xcconfig */ = {isa = PBXFileReference; includeInIndex = 1; lastKnownFileType = text.xcconfig; name = "Pods-MoneyTree-MoneyTreeUITests.release.xcconfig"; path = "Target Support Files/Pods-MoneyTree-MoneyTreeUITests/Pods-MoneyTree-MoneyTreeUITests.release.xcconfig"; sourceTree = "<group>"; };
		93BA04161D280B12C0B8D7F2 /* Pods_MoneyTree_MoneyTreeUITests.framework */ = {isa = PBXFileReference; explicitFileType = wrapper.framework; includeInIndex = 0; path = Pods_MoneyTree_MoneyTreeUITests.framework; sourceTree = BUILT_PRODUCTS_DIR; };
		991C3C3327FB612F008F1221 /* HomeViewController.swift */ = {isa = PBXFileReference; lastKnownFileType = sourcecode.swift; path = HomeViewController.swift; sourceTree = "<group>"; };
		991C3C3727FB61C3008F1221 /* AppRouter.swift */ = {isa = PBXFileReference; lastKnownFileType = sourcecode.swift; path = AppRouter.swift; sourceTree = "<group>"; };
		991C3C3927FB61D9008F1221 /* AppRouterGeneral.swift */ = {isa = PBXFileReference; lastKnownFileType = sourcecode.swift; path = AppRouterGeneral.swift; sourceTree = "<group>"; };
		991C3C3B27FB61F0008F1221 /* GeneralRoutable.swift */ = {isa = PBXFileReference; lastKnownFileType = sourcecode.swift; path = GeneralRoutable.swift; sourceTree = "<group>"; };
		991C3C3E27FB626C008F1221 /* HomeRoutable.swift */ = {isa = PBXFileReference; lastKnownFileType = sourcecode.swift; path = HomeRoutable.swift; sourceTree = "<group>"; };
		991C3C4027FB629B008F1221 /* AppRouter+Home.swift */ = {isa = PBXFileReference; lastKnownFileType = sourcecode.swift; path = "AppRouter+Home.swift"; sourceTree = "<group>"; };
		991C3C4227FB69F9008F1221 /* HomeViewModel.swift */ = {isa = PBXFileReference; lastKnownFileType = sourcecode.swift; path = HomeViewModel.swift; sourceTree = "<group>"; };
		991C3C4427FB6E85008F1221 /* HomeSection.swift */ = {isa = PBXFileReference; lastKnownFileType = sourcecode.swift; path = HomeSection.swift; sourceTree = "<group>"; };
		991C3C4727FB7030008F1221 /* TableViewDataSource.swift */ = {isa = PBXFileReference; lastKnownFileType = sourcecode.swift; path = TableViewDataSource.swift; sourceTree = "<group>"; };
		991C3C4A27FB7169008F1221 /* SectionSetter.swift */ = {isa = PBXFileReference; lastKnownFileType = sourcecode.swift; path = SectionSetter.swift; sourceTree = "<group>"; };
		991C3C4C27FB7238008F1221 /* ValueCell.swift */ = {isa = PBXFileReference; lastKnownFileType = sourcecode.swift; path = ValueCell.swift; sourceTree = "<group>"; };
		991C3C4E27FB7256008F1221 /* ValueCellDataSource.swift */ = {isa = PBXFileReference; lastKnownFileType = sourcecode.swift; path = ValueCellDataSource.swift; sourceTree = "<group>"; };
		991C3C5127FB73EE008F1221 /* UIViewController+Extensions.swift */ = {isa = PBXFileReference; lastKnownFileType = sourcecode.swift; path = "UIViewController+Extensions.swift"; sourceTree = "<group>"; };
		991C3C5427FCB776008F1221 /* HomeTableViewCell.swift */ = {isa = PBXFileReference; lastKnownFileType = sourcecode.swift; path = HomeTableViewCell.swift; sourceTree = "<group>"; };
		991C3C5627FCB786008F1221 /* HomeTableViewCellViewModel.swift */ = {isa = PBXFileReference; lastKnownFileType = sourcecode.swift; path = HomeTableViewCellViewModel.swift; sourceTree = "<group>"; };
		991C3C5827FCC7EE008F1221 /* UITableView+Extensions.swift */ = {isa = PBXFileReference; lastKnownFileType = sourcecode.swift; path = "UITableView+Extensions.swift"; sourceTree = "<group>"; };
		991C3C5A27FCC894008F1221 /* HomeView.swift */ = {isa = PBXFileReference; lastKnownFileType = sourcecode.swift; path = HomeView.swift; sourceTree = "<group>"; };
		991C3C6727FDF79B008F1221 /* GetAccountsResponse.swift */ = {isa = PBXFileReference; lastKnownFileType = sourcecode.swift; path = GetAccountsResponse.swift; sourceTree = "<group>"; };
		991C3C6927FDFE54008F1221 /* HomeInteractor.swift */ = {isa = PBXFileReference; lastKnownFileType = sourcecode.swift; path = HomeInteractor.swift; sourceTree = "<group>"; };
		991C3C6B27FDFEB5008F1221 /* HomeInterfaces.swift */ = {isa = PBXFileReference; lastKnownFileType = sourcecode.swift; path = HomeInterfaces.swift; sourceTree = "<group>"; };
		991C3C6D27FDFF04008F1221 /* HomeModels.swift */ = {isa = PBXFileReference; lastKnownFileType = sourcecode.swift; path = HomeModels.swift; sourceTree = "<group>"; };
		991C3C7227FF0204008F1221 /* BusEvent.swift */ = {isa = PBXFileReference; lastKnownFileType = sourcecode.swift; path = BusEvent.swift; sourceTree = "<group>"; };
		991C3C7427FF0220008F1221 /* EventBus.swift */ = {isa = PBXFileReference; lastKnownFileType = sourcecode.swift; path = EventBus.swift; sourceTree = "<group>"; };
		991C3C7627FF0679008F1221 /* SerialBusEvent.swift */ = {isa = PBXFileReference; lastKnownFileType = sourcecode.swift; path = SerialBusEvent.swift; sourceTree = "<group>"; };
		991C3C7827FF06AD008F1221 /* SubrequestProtocol.swift */ = {isa = PBXFileReference; lastKnownFileType = sourcecode.swift; path = SubrequestProtocol.swift; sourceTree = "<group>"; };
		991C3C7B27FF06C8008F1221 /* Single+Log.swift */ = {isa = PBXFileReference; lastKnownFileType = sourcecode.swift; path = "Single+Log.swift"; sourceTree = "<group>"; };
		991C3C7D27FF06DD008F1221 /* Observable+Log.swift */ = {isa = PBXFileReference; lastKnownFileType = sourcecode.swift; path = "Observable+Log.swift"; sourceTree = "<group>"; };
		991C3C8027FF0736008F1221 /* SerialSubrequest.swift */ = {isa = PBXFileReference; lastKnownFileType = sourcecode.swift; path = SerialSubrequest.swift; sourceTree = "<group>"; };
		991C3C8227FF074A008F1221 /* ConcurrentSubrequest.swift */ = {isa = PBXFileReference; lastKnownFileType = sourcecode.swift; path = ConcurrentSubrequest.swift; sourceTree = "<group>"; };
		991C3C8427FF0C91008F1221 /* GetAccountsEvent.swift */ = {isa = PBXFileReference; lastKnownFileType = sourcecode.swift; path = GetAccountsEvent.swift; sourceTree = "<group>"; };
		991C3C8727FF1058008F1221 /* API+Accounts.swift */ = {isa = PBXFileReference; lastKnownFileType = sourcecode.swift; path = "API+Accounts.swift"; sourceTree = "<group>"; };
		991C3C8A27FF424B008F1221 /* API.swift */ = {isa = PBXFileReference; lastKnownFileType = sourcecode.swift; path = API.swift; sourceTree = "<group>"; };
		991C3C8C27FF426F008F1221 /* APISuperClass.swift */ = {isa = PBXFileReference; lastKnownFileType = sourcecode.swift; path = APISuperClass.swift; sourceTree = "<group>"; };
		991C3C90280001C3008F1221 /* APIError.swift */ = {isa = PBXFileReference; lastKnownFileType = sourcecode.swift; path = APIError.swift; sourceTree = "<group>"; };
		991C3C9228000473008F1221 /* HomePresenter.swift */ = {isa = PBXFileReference; lastKnownFileType = sourcecode.swift; path = HomePresenter.swift; sourceTree = "<group>"; };
		991C3C942803FB32008F1221 /* PriceFormatter.swift */ = {isa = PBXFileReference; lastKnownFileType = sourcecode.swift; path = PriceFormatter.swift; sourceTree = "<group>"; };
		991C3C9628043BDC008F1221 /* GetTransactionsResponse.swift */ = {isa = PBXFileReference; lastKnownFileType = sourcecode.swift; path = GetTransactionsResponse.swift; sourceTree = "<group>"; };
		991C3C982804543E008F1221 /* DateFormatter+Extensions.swift */ = {isa = PBXFileReference; lastKnownFileType = sourcecode.swift; path = "DateFormatter+Extensions.swift"; sourceTree = "<group>"; };
		991C3C9B28045D33008F1221 /* HomeDetailViewController.swift */ = {isa = PBXFileReference; lastKnownFileType = sourcecode.swift; path = HomeDetailViewController.swift; sourceTree = "<group>"; };
		991C3C9D28045D3F008F1221 /* HomeDetailView.swift */ = {isa = PBXFileReference; lastKnownFileType = sourcecode.swift; path = HomeDetailView.swift; sourceTree = "<group>"; };
		991C3C9F28045D4D008F1221 /* HomeDetailInteractor.swift */ = {isa = PBXFileReference; lastKnownFileType = sourcecode.swift; path = HomeDetailInteractor.swift; sourceTree = "<group>"; };
		991C3CA128045D56008F1221 /* HomeDetailInterfaces.swift */ = {isa = PBXFileReference; lastKnownFileType = sourcecode.swift; path = HomeDetailInterfaces.swift; sourceTree = "<group>"; };
		991C3CA328045D60008F1221 /* HomeDetailModels.swift */ = {isa = PBXFileReference; lastKnownFileType = sourcecode.swift; path = HomeDetailModels.swift; sourceTree = "<group>"; };
		991C3CA528045D7F008F1221 /* HomeDetailViewModel.swift */ = {isa = PBXFileReference; lastKnownFileType = sourcecode.swift; path = HomeDetailViewModel.swift; sourceTree = "<group>"; };
		991C3CA728045D8D008F1221 /* HomeDetailPresenter.swift */ = {isa = PBXFileReference; lastKnownFileType = sourcecode.swift; path = HomeDetailPresenter.swift; sourceTree = "<group>"; };
		991C3CA928045D96008F1221 /* HomeDetailSection.swift */ = {isa = PBXFileReference; lastKnownFileType = sourcecode.swift; path = HomeDetailSection.swift; sourceTree = "<group>"; };
		991C3CAB28047672008F1221 /* GetTransactionsEvent.swift */ = {isa = PBXFileReference; lastKnownFileType = sourcecode.swift; path = GetTransactionsEvent.swift; sourceTree = "<group>"; };
		991C3CAD28055231008F1221 /* Date+Extensions.swift */ = {isa = PBXFileReference; lastKnownFileType = sourcecode.swift; path = "Date+Extensions.swift"; sourceTree = "<group>"; };
		997A83C227FB022B00A074E3 /* MoneyTree.app */ = {isa = PBXFileReference; explicitFileType = wrapper.application; includeInIndex = 0; path = MoneyTree.app; sourceTree = BUILT_PRODUCTS_DIR; };
		997A83C527FB022B00A074E3 /* AppDelegate.swift */ = {isa = PBXFileReference; lastKnownFileType = sourcecode.swift; path = AppDelegate.swift; sourceTree = "<group>"; };
		997A83C727FB022B00A074E3 /* SceneDelegate.swift */ = {isa = PBXFileReference; lastKnownFileType = sourcecode.swift; path = SceneDelegate.swift; sourceTree = "<group>"; };
		997A83CE27FB022D00A074E3 /* Assets.xcassets */ = {isa = PBXFileReference; lastKnownFileType = folder.assetcatalog; path = Assets.xcassets; sourceTree = "<group>"; };
		997A83D127FB022D00A074E3 /* Base */ = {isa = PBXFileReference; lastKnownFileType = file.storyboard; name = Base; path = Base.lproj/LaunchScreen.storyboard; sourceTree = "<group>"; };
		997A83D327FB022D00A074E3 /* Info.plist */ = {isa = PBXFileReference; lastKnownFileType = text.plist.xml; path = Info.plist; sourceTree = "<group>"; };
		997A83D827FB022D00A074E3 /* MoneyTreeTests.xctest */ = {isa = PBXFileReference; explicitFileType = wrapper.cfbundle; includeInIndex = 0; path = MoneyTreeTests.xctest; sourceTree = BUILT_PRODUCTS_DIR; };
		997A83DC27FB022D00A074E3 /* MoneyTreeTests.swift */ = {isa = PBXFileReference; lastKnownFileType = sourcecode.swift; path = MoneyTreeTests.swift; sourceTree = "<group>"; };
		997A83E227FB022D00A074E3 /* MoneyTreeUITests.xctest */ = {isa = PBXFileReference; explicitFileType = wrapper.cfbundle; includeInIndex = 0; path = MoneyTreeUITests.xctest; sourceTree = BUILT_PRODUCTS_DIR; };
		997A83E627FB022E00A074E3 /* MoneyTreeUITests.swift */ = {isa = PBXFileReference; lastKnownFileType = sourcecode.swift; path = MoneyTreeUITests.swift; sourceTree = "<group>"; };
		997A83E827FB022E00A074E3 /* MoneyTreeUITestsLaunchTests.swift */ = {isa = PBXFileReference; lastKnownFileType = sourcecode.swift; path = MoneyTreeUITestsLaunchTests.swift; sourceTree = "<group>"; };
		C6A262655267246083E282DC /* Pods-MoneyTree-MoneyTreeUITests.debug.xcconfig */ = {isa = PBXFileReference; includeInIndex = 1; lastKnownFileType = text.xcconfig; name = "Pods-MoneyTree-MoneyTreeUITests.debug.xcconfig"; path = "Target Support Files/Pods-MoneyTree-MoneyTreeUITests/Pods-MoneyTree-MoneyTreeUITests.debug.xcconfig"; sourceTree = "<group>"; };
		C955A7B72F468982CB51A70A /* Pods-MoneyTree.debug.xcconfig */ = {isa = PBXFileReference; includeInIndex = 1; lastKnownFileType = text.xcconfig; name = "Pods-MoneyTree.debug.xcconfig"; path = "Target Support Files/Pods-MoneyTree/Pods-MoneyTree.debug.xcconfig"; sourceTree = "<group>"; };
/* End PBXFileReference section */

/* Begin PBXFrameworksBuildPhase section */
		997A83BF27FB022B00A074E3 /* Frameworks */ = {
			isa = PBXFrameworksBuildPhase;
			buildActionMask = 2147483647;
			files = (
				05FDC53B443A17A3B7C74729 /* Pods_MoneyTree.framework in Frameworks */,
			);
			runOnlyForDeploymentPostprocessing = 0;
		};
		997A83D527FB022D00A074E3 /* Frameworks */ = {
			isa = PBXFrameworksBuildPhase;
			buildActionMask = 2147483647;
			files = (
				98C5198EFCB95FDBF8BCBAA6 /* Pods_MoneyTreeTests.framework in Frameworks */,
			);
			runOnlyForDeploymentPostprocessing = 0;
		};
		997A83DF27FB022D00A074E3 /* Frameworks */ = {
			isa = PBXFrameworksBuildPhase;
			buildActionMask = 2147483647;
			files = (
				31F14780398AB8AFA9741D01 /* Pods_MoneyTree_MoneyTreeUITests.framework in Frameworks */,
			);
			runOnlyForDeploymentPostprocessing = 0;
		};
/* End PBXFrameworksBuildPhase section */

/* Begin PBXGroup section */
		991C3C3227FB60FB008F1221 /* Modules */ = {
			isa = PBXGroup;
			children = (
				991C3C3627FB615F008F1221 /* Home */,
			);
			path = Modules;
			sourceTree = "<group>";
		};
		991C3C3527FB6152008F1221 /* Routers */ = {
			isa = PBXGroup;
			children = (
				991C3C3D27FB624D008F1221 /* ApplicationRouters */,
				991C3C3727FB61C3008F1221 /* AppRouter.swift */,
				991C3C3927FB61D9008F1221 /* AppRouterGeneral.swift */,
				991C3C3B27FB61F0008F1221 /* GeneralRoutable.swift */,
			);
			path = Routers;
			sourceTree = "<group>";
		};
		991C3C3627FB615F008F1221 /* Home */ = {
			isa = PBXGroup;
			children = (
				991C3C9A28045C84008F1221 /* HomeDetail */,
				991C3C5327FCB6C5008F1221 /* HomeTableViewCell */,
				991C3C3327FB612F008F1221 /* HomeViewController.swift */,
				991C3C5A27FCC894008F1221 /* HomeView.swift */,
				991C3C6927FDFE54008F1221 /* HomeInteractor.swift */,
				991C3C6B27FDFEB5008F1221 /* HomeInterfaces.swift */,
				991C3C6D27FDFF04008F1221 /* HomeModels.swift */,
				991C3C4227FB69F9008F1221 /* HomeViewModel.swift */,
				991C3C9228000473008F1221 /* HomePresenter.swift */,
				991C3C4427FB6E85008F1221 /* HomeSection.swift */,
			);
			path = Home;
			sourceTree = "<group>";
		};
		991C3C3D27FB624D008F1221 /* ApplicationRouters */ = {
			isa = PBXGroup;
			children = (
				991C3C3E27FB626C008F1221 /* HomeRoutable.swift */,
				991C3C4027FB629B008F1221 /* AppRouter+Home.swift */,
			);
			path = ApplicationRouters;
			sourceTree = "<group>";
		};
		991C3C4627FB6EE1008F1221 /* Helpers */ = {
			isa = PBXGroup;
			children = (
				991C3C4927FB715B008F1221 /* TableViewAndCells */,
				991C3C942803FB32008F1221 /* PriceFormatter.swift */,
			);
			path = Helpers;
			sourceTree = "<group>";
		};
		991C3C4927FB715B008F1221 /* TableViewAndCells */ = {
			isa = PBXGroup;
			children = (
				991C3C4A27FB7169008F1221 /* SectionSetter.swift */,
				991C3C4727FB7030008F1221 /* TableViewDataSource.swift */,
				991C3C4C27FB7238008F1221 /* ValueCell.swift */,
				991C3C4E27FB7256008F1221 /* ValueCellDataSource.swift */,
			);
			path = TableViewAndCells;
			sourceTree = "<group>";
		};
		991C3C5027FB739D008F1221 /* Extensions */ = {
			isa = PBXGroup;
			children = (
				991C3C5127FB73EE008F1221 /* UIViewController+Extensions.swift */,
				991C3C5827FCC7EE008F1221 /* UITableView+Extensions.swift */,
				991C3C982804543E008F1221 /* DateFormatter+Extensions.swift */,
				991C3CAD28055231008F1221 /* Date+Extensions.swift */,
			);
			path = Extensions;
			sourceTree = "<group>";
		};
		991C3C5327FCB6C5008F1221 /* HomeTableViewCell */ = {
			isa = PBXGroup;
			children = (
				991C3C5427FCB776008F1221 /* HomeTableViewCell.swift */,
				991C3C5627FCB786008F1221 /* HomeTableViewCellViewModel.swift */,
			);
			path = HomeTableViewCell;
			sourceTree = "<group>";
		};
		991C3C6527FDF772008F1221 /* Models */ = {
			isa = PBXGroup;
			children = (
				991C3C8F280001AD008F1221 /* Enums */,
				991C3C6627FDF776008F1221 /* Home */,
			);
			path = Models;
			sourceTree = "<group>";
		};
		991C3C6627FDF776008F1221 /* Home */ = {
			isa = PBXGroup;
			children = (
				991C3C6727FDF79B008F1221 /* GetAccountsResponse.swift */,
				991C3C9628043BDC008F1221 /* GetTransactionsResponse.swift */,
			);
			path = Home;
			sourceTree = "<group>";
		};
		991C3C6F27FF01A3008F1221 /* Events */ = {
			isa = PBXGroup;
			children = (
				991C3C7F27FF0729008F1221 /* Models */,
				991C3C7A27FF06B9008F1221 /* Extensions */,
				991C3C7127FF01BF008F1221 /* EventBus */,
				991C3C7027FF01B3008F1221 /* ApplicationEvent */,
			);
			path = Events;
			sourceTree = "<group>";
		};
		991C3C7027FF01B3008F1221 /* ApplicationEvent */ = {
			isa = PBXGroup;
			children = (
				991C3C8427FF0C91008F1221 /* GetAccountsEvent.swift */,
				991C3CAB28047672008F1221 /* GetTransactionsEvent.swift */,
			);
			path = ApplicationEvent;
			sourceTree = "<group>";
		};
		991C3C7127FF01BF008F1221 /* EventBus */ = {
			isa = PBXGroup;
			children = (
				991C3C7227FF0204008F1221 /* BusEvent.swift */,
				991C3C7427FF0220008F1221 /* EventBus.swift */,
				991C3C7627FF0679008F1221 /* SerialBusEvent.swift */,
				991C3C7827FF06AD008F1221 /* SubrequestProtocol.swift */,
			);
			path = EventBus;
			sourceTree = "<group>";
		};
		991C3C7A27FF06B9008F1221 /* Extensions */ = {
			isa = PBXGroup;
			children = (
				991C3C7B27FF06C8008F1221 /* Single+Log.swift */,
				991C3C7D27FF06DD008F1221 /* Observable+Log.swift */,
			);
			path = Extensions;
			sourceTree = "<group>";
		};
		991C3C7F27FF0729008F1221 /* Models */ = {
			isa = PBXGroup;
			children = (
				991C3C8027FF0736008F1221 /* SerialSubrequest.swift */,
				991C3C8227FF074A008F1221 /* ConcurrentSubrequest.swift */,
			);
			path = Models;
			sourceTree = "<group>";
		};
		991C3C8627FF0CED008F1221 /* APIs */ = {
			isa = PBXGroup;
			children = (
				991C3C8927FF4230008F1221 /* APIApplication */,
				991C3C8A27FF424B008F1221 /* API.swift */,
				991C3C8C27FF426F008F1221 /* APISuperClass.swift */,
			);
			path = APIs;
			sourceTree = "<group>";
		};
		991C3C8927FF4230008F1221 /* APIApplication */ = {
			isa = PBXGroup;
			children = (
				991C3C8727FF1058008F1221 /* API+Accounts.swift */,
			);
			path = APIApplication;
			sourceTree = "<group>";
		};
		991C3C8F280001AD008F1221 /* Enums */ = {
			isa = PBXGroup;
			children = (
				991C3C90280001C3008F1221 /* APIError.swift */,
			);
			path = Enums;
			sourceTree = "<group>";
		};
		991C3C9A28045C84008F1221 /* HomeDetail */ = {
			isa = PBXGroup;
			children = (
				991C3C9B28045D33008F1221 /* HomeDetailViewController.swift */,
				991C3C9D28045D3F008F1221 /* HomeDetailView.swift */,
				991C3C9F28045D4D008F1221 /* HomeDetailInteractor.swift */,
				991C3CA128045D56008F1221 /* HomeDetailInterfaces.swift */,
				991C3CA328045D60008F1221 /* HomeDetailModels.swift */,
				991C3CA528045D7F008F1221 /* HomeDetailViewModel.swift */,
				991C3CA728045D8D008F1221 /* HomeDetailPresenter.swift */,
				991C3CA928045D96008F1221 /* HomeDetailSection.swift */,
			);
			path = HomeDetail;
			sourceTree = "<group>";
		};
		997A83B927FB022B00A074E3 = {
			isa = PBXGroup;
			children = (
				997A83C427FB022B00A074E3 /* MoneyTree */,
				997A83DB27FB022D00A074E3 /* MoneyTreeTests */,
				997A83E527FB022E00A074E3 /* MoneyTreeUITests */,
				997A83C327FB022B00A074E3 /* Products */,
				DA6A5C9FA71FF78117013EC2 /* Pods */,
				B7769836B32FE64152A246CB /* Frameworks */,
			);
			sourceTree = "<group>";
		};
		997A83C327FB022B00A074E3 /* Products */ = {
			isa = PBXGroup;
			children = (
				997A83C227FB022B00A074E3 /* MoneyTree.app */,
				997A83D827FB022D00A074E3 /* MoneyTreeTests.xctest */,
				997A83E227FB022D00A074E3 /* MoneyTreeUITests.xctest */,
			);
			name = Products;
			sourceTree = "<group>";
		};
		997A83C427FB022B00A074E3 /* MoneyTree */ = {
			isa = PBXGroup;
			children = (
				997A83C527FB022B00A074E3 /* AppDelegate.swift */,
				997A83C727FB022B00A074E3 /* SceneDelegate.swift */,
				991C3C8627FF0CED008F1221 /* APIs */,
				991C3C6F27FF01A3008F1221 /* Events */,
				991C3C6527FDF772008F1221 /* Models */,
				991C3C5027FB739D008F1221 /* Extensions */,
				991C3C4627FB6EE1008F1221 /* Helpers */,
				991C3C3527FB6152008F1221 /* Routers */,
				991C3C3227FB60FB008F1221 /* Modules */,
				997A83CE27FB022D00A074E3 /* Assets.xcassets */,
				997A83D027FB022D00A074E3 /* LaunchScreen.storyboard */,
				997A83D327FB022D00A074E3 /* Info.plist */,
			);
			path = MoneyTree;
			sourceTree = "<group>";
		};
		997A83DB27FB022D00A074E3 /* MoneyTreeTests */ = {
			isa = PBXGroup;
			children = (
				997A83DC27FB022D00A074E3 /* MoneyTreeTests.swift */,
			);
			path = MoneyTreeTests;
			sourceTree = "<group>";
		};
		997A83E527FB022E00A074E3 /* MoneyTreeUITests */ = {
			isa = PBXGroup;
			children = (
				997A83E627FB022E00A074E3 /* MoneyTreeUITests.swift */,
				997A83E827FB022E00A074E3 /* MoneyTreeUITestsLaunchTests.swift */,
			);
			path = MoneyTreeUITests;
			sourceTree = "<group>";
		};
		B7769836B32FE64152A246CB /* Frameworks */ = {
			isa = PBXGroup;
			children = (
				7B1E563776C69B85B0074E1F /* Pods_MoneyTree.framework */,
				93BA04161D280B12C0B8D7F2 /* Pods_MoneyTree_MoneyTreeUITests.framework */,
				0713DC5FB31F38B84992B4D2 /* Pods_MoneyTreeTests.framework */,
			);
			name = Frameworks;
			sourceTree = "<group>";
		};
		DA6A5C9FA71FF78117013EC2 /* Pods */ = {
			isa = PBXGroup;
			children = (
				C955A7B72F468982CB51A70A /* Pods-MoneyTree.debug.xcconfig */,
				74F819F91E03593EBFE5283B /* Pods-MoneyTree.release.xcconfig */,
				C6A262655267246083E282DC /* Pods-MoneyTree-MoneyTreeUITests.debug.xcconfig */,
				8186227DBEE2A0239A757070 /* Pods-MoneyTree-MoneyTreeUITests.release.xcconfig */,
				7A3556731A729A4E4D0416E5 /* Pods-MoneyTreeTests.debug.xcconfig */,
				6D22E22A5D8F714B7AA5F017 /* Pods-MoneyTreeTests.release.xcconfig */,
			);
			path = Pods;
			sourceTree = "<group>";
		};
/* End PBXGroup section */

/* Begin PBXNativeTarget section */
		997A83C127FB022B00A074E3 /* MoneyTree */ = {
			isa = PBXNativeTarget;
			buildConfigurationList = 997A83EC27FB022E00A074E3 /* Build configuration list for PBXNativeTarget "MoneyTree" */;
			buildPhases = (
				2BB0E2A25B6A3ADCFC5998C4 /* [CP] Check Pods Manifest.lock */,
				997A83BE27FB022B00A074E3 /* Sources */,
				997A83BF27FB022B00A074E3 /* Frameworks */,
				997A83C027FB022B00A074E3 /* Resources */,
				93485CD9EEDFB1351DEE0A3D /* [CP] Embed Pods Frameworks */,
			);
			buildRules = (
			);
			dependencies = (
			);
			name = MoneyTree;
			productName = MoneyTree;
			productReference = 997A83C227FB022B00A074E3 /* MoneyTree.app */;
			productType = "com.apple.product-type.application";
		};
		997A83D727FB022D00A074E3 /* MoneyTreeTests */ = {
			isa = PBXNativeTarget;
			buildConfigurationList = 997A83EF27FB022E00A074E3 /* Build configuration list for PBXNativeTarget "MoneyTreeTests" */;
			buildPhases = (
				271422F69921FE940638F8A5 /* [CP] Check Pods Manifest.lock */,
				997A83D427FB022D00A074E3 /* Sources */,
				997A83D527FB022D00A074E3 /* Frameworks */,
				997A83D627FB022D00A074E3 /* Resources */,
			);
			buildRules = (
			);
			dependencies = (
				997A83DA27FB022D00A074E3 /* PBXTargetDependency */,
			);
			name = MoneyTreeTests;
			productName = MoneyTreeTests;
			productReference = 997A83D827FB022D00A074E3 /* MoneyTreeTests.xctest */;
			productType = "com.apple.product-type.bundle.unit-test";
		};
		997A83E127FB022D00A074E3 /* MoneyTreeUITests */ = {
			isa = PBXNativeTarget;
			buildConfigurationList = 997A83F227FB022E00A074E3 /* Build configuration list for PBXNativeTarget "MoneyTreeUITests" */;
			buildPhases = (
				AA5C206A89BB60631BBE1D01 /* [CP] Check Pods Manifest.lock */,
				997A83DE27FB022D00A074E3 /* Sources */,
				997A83DF27FB022D00A074E3 /* Frameworks */,
				997A83E027FB022D00A074E3 /* Resources */,
				7526447C8D4A74B9D5B540C0 /* [CP] Embed Pods Frameworks */,
			);
			buildRules = (
			);
			dependencies = (
				997A83E427FB022D00A074E3 /* PBXTargetDependency */,
			);
			name = MoneyTreeUITests;
			productName = MoneyTreeUITests;
			productReference = 997A83E227FB022D00A074E3 /* MoneyTreeUITests.xctest */;
			productType = "com.apple.product-type.bundle.ui-testing";
		};
/* End PBXNativeTarget section */

/* Begin PBXProject section */
		997A83BA27FB022B00A074E3 /* Project object */ = {
			isa = PBXProject;
			attributes = {
				BuildIndependentTargetsInParallel = 1;
				LastSwiftUpdateCheck = 1320;
				LastUpgradeCheck = 1320;
				TargetAttributes = {
					997A83C127FB022B00A074E3 = {
						CreatedOnToolsVersion = 13.2.1;
					};
					997A83D727FB022D00A074E3 = {
						CreatedOnToolsVersion = 13.2.1;
						TestTargetID = 997A83C127FB022B00A074E3;
					};
					997A83E127FB022D00A074E3 = {
						CreatedOnToolsVersion = 13.2.1;
						TestTargetID = 997A83C127FB022B00A074E3;
					};
				};
			};
			buildConfigurationList = 997A83BD27FB022B00A074E3 /* Build configuration list for PBXProject "MoneyTree" */;
			compatibilityVersion = "Xcode 13.0";
			developmentRegion = en;
			hasScannedForEncodings = 0;
			knownRegions = (
				en,
				Base,
			);
			mainGroup = 997A83B927FB022B00A074E3;
			productRefGroup = 997A83C327FB022B00A074E3 /* Products */;
			projectDirPath = "";
			projectRoot = "";
			targets = (
				997A83C127FB022B00A074E3 /* MoneyTree */,
				997A83D727FB022D00A074E3 /* MoneyTreeTests */,
				997A83E127FB022D00A074E3 /* MoneyTreeUITests */,
			);
		};
/* End PBXProject section */

/* Begin PBXResourcesBuildPhase section */
		997A83C027FB022B00A074E3 /* Resources */ = {
			isa = PBXResourcesBuildPhase;
			buildActionMask = 2147483647;
			files = (
				997A83D227FB022D00A074E3 /* LaunchScreen.storyboard in Resources */,
				997A83CF27FB022D00A074E3 /* Assets.xcassets in Resources */,
			);
			runOnlyForDeploymentPostprocessing = 0;
		};
		997A83D627FB022D00A074E3 /* Resources */ = {
			isa = PBXResourcesBuildPhase;
			buildActionMask = 2147483647;
			files = (
			);
			runOnlyForDeploymentPostprocessing = 0;
		};
		997A83E027FB022D00A074E3 /* Resources */ = {
			isa = PBXResourcesBuildPhase;
			buildActionMask = 2147483647;
			files = (
			);
			runOnlyForDeploymentPostprocessing = 0;
		};
/* End PBXResourcesBuildPhase section */

/* Begin PBXShellScriptBuildPhase section */
		271422F69921FE940638F8A5 /* [CP] Check Pods Manifest.lock */ = {
			isa = PBXShellScriptBuildPhase;
			buildActionMask = 2147483647;
			files = (
			);
			inputFileListPaths = (
			);
			inputPaths = (
				"${PODS_PODFILE_DIR_PATH}/Podfile.lock",
				"${PODS_ROOT}/Manifest.lock",
			);
			name = "[CP] Check Pods Manifest.lock";
			outputFileListPaths = (
			);
			outputPaths = (
				"$(DERIVED_FILE_DIR)/Pods-MoneyTreeTests-checkManifestLockResult.txt",
			);
			runOnlyForDeploymentPostprocessing = 0;
			shellPath = /bin/sh;
			shellScript = "diff \"${PODS_PODFILE_DIR_PATH}/Podfile.lock\" \"${PODS_ROOT}/Manifest.lock\" > /dev/null\nif [ $? != 0 ] ; then\n    # print error to STDERR\n    echo \"error: The sandbox is not in sync with the Podfile.lock. Run 'pod install' or update your CocoaPods installation.\" >&2\n    exit 1\nfi\n# This output is used by Xcode 'outputs' to avoid re-running this script phase.\necho \"SUCCESS\" > \"${SCRIPT_OUTPUT_FILE_0}\"\n";
			showEnvVarsInLog = 0;
		};
		2BB0E2A25B6A3ADCFC5998C4 /* [CP] Check Pods Manifest.lock */ = {
			isa = PBXShellScriptBuildPhase;
			buildActionMask = 2147483647;
			files = (
			);
			inputFileListPaths = (
			);
			inputPaths = (
				"${PODS_PODFILE_DIR_PATH}/Podfile.lock",
				"${PODS_ROOT}/Manifest.lock",
			);
			name = "[CP] Check Pods Manifest.lock";
			outputFileListPaths = (
			);
			outputPaths = (
				"$(DERIVED_FILE_DIR)/Pods-MoneyTree-checkManifestLockResult.txt",
			);
			runOnlyForDeploymentPostprocessing = 0;
			shellPath = /bin/sh;
			shellScript = "diff \"${PODS_PODFILE_DIR_PATH}/Podfile.lock\" \"${PODS_ROOT}/Manifest.lock\" > /dev/null\nif [ $? != 0 ] ; then\n    # print error to STDERR\n    echo \"error: The sandbox is not in sync with the Podfile.lock. Run 'pod install' or update your CocoaPods installation.\" >&2\n    exit 1\nfi\n# This output is used by Xcode 'outputs' to avoid re-running this script phase.\necho \"SUCCESS\" > \"${SCRIPT_OUTPUT_FILE_0}\"\n";
			showEnvVarsInLog = 0;
		};
		7526447C8D4A74B9D5B540C0 /* [CP] Embed Pods Frameworks */ = {
			isa = PBXShellScriptBuildPhase;
			buildActionMask = 2147483647;
			files = (
			);
			inputFileListPaths = (
				"${PODS_ROOT}/Target Support Files/Pods-MoneyTree-MoneyTreeUITests/Pods-MoneyTree-MoneyTreeUITests-frameworks-${CONFIGURATION}-input-files.xcfilelist",
			);
			name = "[CP] Embed Pods Frameworks";
			outputFileListPaths = (
				"${PODS_ROOT}/Target Support Files/Pods-MoneyTree-MoneyTreeUITests/Pods-MoneyTree-MoneyTreeUITests-frameworks-${CONFIGURATION}-output-files.xcfilelist",
			);
			runOnlyForDeploymentPostprocessing = 0;
			shellPath = /bin/sh;
			shellScript = "\"${PODS_ROOT}/Target Support Files/Pods-MoneyTree-MoneyTreeUITests/Pods-MoneyTree-MoneyTreeUITests-frameworks.sh\"\n";
			showEnvVarsInLog = 0;
		};
		93485CD9EEDFB1351DEE0A3D /* [CP] Embed Pods Frameworks */ = {
			isa = PBXShellScriptBuildPhase;
			buildActionMask = 2147483647;
			files = (
			);
			inputFileListPaths = (
				"${PODS_ROOT}/Target Support Files/Pods-MoneyTree/Pods-MoneyTree-frameworks-${CONFIGURATION}-input-files.xcfilelist",
			);
			name = "[CP] Embed Pods Frameworks";
			outputFileListPaths = (
				"${PODS_ROOT}/Target Support Files/Pods-MoneyTree/Pods-MoneyTree-frameworks-${CONFIGURATION}-output-files.xcfilelist",
			);
			runOnlyForDeploymentPostprocessing = 0;
			shellPath = /bin/sh;
			shellScript = "\"${PODS_ROOT}/Target Support Files/Pods-MoneyTree/Pods-MoneyTree-frameworks.sh\"\n";
			showEnvVarsInLog = 0;
		};
		AA5C206A89BB60631BBE1D01 /* [CP] Check Pods Manifest.lock */ = {
			isa = PBXShellScriptBuildPhase;
			buildActionMask = 2147483647;
			files = (
			);
			inputFileListPaths = (
			);
			inputPaths = (
				"${PODS_PODFILE_DIR_PATH}/Podfile.lock",
				"${PODS_ROOT}/Manifest.lock",
			);
			name = "[CP] Check Pods Manifest.lock";
			outputFileListPaths = (
			);
			outputPaths = (
				"$(DERIVED_FILE_DIR)/Pods-MoneyTree-MoneyTreeUITests-checkManifestLockResult.txt",
			);
			runOnlyForDeploymentPostprocessing = 0;
			shellPath = /bin/sh;
			shellScript = "diff \"${PODS_PODFILE_DIR_PATH}/Podfile.lock\" \"${PODS_ROOT}/Manifest.lock\" > /dev/null\nif [ $? != 0 ] ; then\n    # print error to STDERR\n    echo \"error: The sandbox is not in sync with the Podfile.lock. Run 'pod install' or update your CocoaPods installation.\" >&2\n    exit 1\nfi\n# This output is used by Xcode 'outputs' to avoid re-running this script phase.\necho \"SUCCESS\" > \"${SCRIPT_OUTPUT_FILE_0}\"\n";
			showEnvVarsInLog = 0;
		};
/* End PBXShellScriptBuildPhase section */

/* Begin PBXSourcesBuildPhase section */
		997A83BE27FB022B00A074E3 /* Sources */ = {
			isa = PBXSourcesBuildPhase;
			buildActionMask = 2147483647;
			files = (
				991C3C4F27FB7256008F1221 /* ValueCellDataSource.swift in Sources */,
				991C3CA028045D4D008F1221 /* HomeDetailInteractor.swift in Sources */,
				991C3C7927FF06AD008F1221 /* SubrequestProtocol.swift in Sources */,
				991C3C7C27FF06C8008F1221 /* Single+Log.swift in Sources */,
				991C3C7527FF0220008F1221 /* EventBus.swift in Sources */,
				991C3CA828045D8D008F1221 /* HomeDetailPresenter.swift in Sources */,
				991C3C3F27FB626C008F1221 /* HomeRoutable.swift in Sources */,
				991C3CA628045D7F008F1221 /* HomeDetailViewModel.swift in Sources */,
				991C3C4827FB7030008F1221 /* TableViewDataSource.swift in Sources */,
				991C3C4327FB69F9008F1221 /* HomeViewModel.swift in Sources */,
				991C3C3827FB61C3008F1221 /* AppRouter.swift in Sources */,
				991C3C8D27FF426F008F1221 /* APISuperClass.swift in Sources */,
				991C3C7327FF0204008F1221 /* BusEvent.swift in Sources */,
				991C3C6E27FDFF04008F1221 /* HomeModels.swift in Sources */,
				991C3C5727FCB786008F1221 /* HomeTableViewCellViewModel.swift in Sources */,
				991C3C6A27FDFE54008F1221 /* HomeInteractor.swift in Sources */,
				997A83C627FB022B00A074E3 /* AppDelegate.swift in Sources */,
				991C3C992804543E008F1221 /* DateFormatter+Extensions.swift in Sources */,
				991C3CA428045D60008F1221 /* HomeDetailModels.swift in Sources */,
				991C3CAC28047672008F1221 /* GetTransactionsEvent.swift in Sources */,
				991C3C952803FB32008F1221 /* PriceFormatter.swift in Sources */,
				991C3C6C27FDFEB5008F1221 /* HomeInterfaces.swift in Sources */,
				991C3C8327FF074A008F1221 /* ConcurrentSubrequest.swift in Sources */,
				991C3C7E27FF06DD008F1221 /* Observable+Log.swift in Sources */,
				991C3C9328000473008F1221 /* HomePresenter.swift in Sources */,
				991C3CA228045D56008F1221 /* HomeDetailInterfaces.swift in Sources */,
				991C3C91280001C3008F1221 /* APIError.swift in Sources */,
				991C3C3C27FB61F0008F1221 /* GeneralRoutable.swift in Sources */,
				991C3C5227FB73EE008F1221 /* UIViewController+Extensions.swift in Sources */,
				991C3C5927FCC7EE008F1221 /* UITableView+Extensions.swift in Sources */,
				991C3C8827FF1058008F1221 /* API+Accounts.swift in Sources */,
				991C3C8527FF0C91008F1221 /* GetAccountsEvent.swift in Sources */,
				991C3C3A27FB61D9008F1221 /* AppRouterGeneral.swift in Sources */,
				991C3C4D27FB7238008F1221 /* ValueCell.swift in Sources */,
				991C3C4527FB6E85008F1221 /* HomeSection.swift in Sources */,
				991C3C4127FB629B008F1221 /* AppRouter+Home.swift in Sources */,
				991C3CAA28045D96008F1221 /* HomeDetailSection.swift in Sources */,
				991C3C9E28045D3F008F1221 /* HomeDetailView.swift in Sources */,
				991C3C9728043BDC008F1221 /* GetTransactionsResponse.swift in Sources */,
				997A83C827FB022B00A074E3 /* SceneDelegate.swift in Sources */,
				991C3C6827FDF79B008F1221 /* GetAccountsResponse.swift in Sources */,
				991C3C4B27FB7169008F1221 /* SectionSetter.swift in Sources */,
				991C3C5527FCB776008F1221 /* HomeTableViewCell.swift in Sources */,
				991C3CAE28055231008F1221 /* Date+Extensions.swift in Sources */,
				991C3C8127FF0736008F1221 /* SerialSubrequest.swift in Sources */,
				991C3C3427FB612F008F1221 /* HomeViewController.swift in Sources */,
				991C3C9C28045D33008F1221 /* HomeDetailViewController.swift in Sources */,
				991C3C5B27FCC894008F1221 /* HomeView.swift in Sources */,
				991C3C8B27FF424B008F1221 /* API.swift in Sources */,
				991C3C7727FF0679008F1221 /* SerialBusEvent.swift in Sources */,
			);
			runOnlyForDeploymentPostprocessing = 0;
		};
		997A83D427FB022D00A074E3 /* Sources */ = {
			isa = PBXSourcesBuildPhase;
			buildActionMask = 2147483647;
			files = (
				997A83DD27FB022D00A074E3 /* MoneyTreeTests.swift in Sources */,
			);
			runOnlyForDeploymentPostprocessing = 0;
		};
		997A83DE27FB022D00A074E3 /* Sources */ = {
			isa = PBXSourcesBuildPhase;
			buildActionMask = 2147483647;
			files = (
				997A83E727FB022E00A074E3 /* MoneyTreeUITests.swift in Sources */,
				997A83E927FB022E00A074E3 /* MoneyTreeUITestsLaunchTests.swift in Sources */,
			);
			runOnlyForDeploymentPostprocessing = 0;
		};
/* End PBXSourcesBuildPhase section */

/* Begin PBXTargetDependency section */
		997A83DA27FB022D00A074E3 /* PBXTargetDependency */ = {
			isa = PBXTargetDependency;
			target = 997A83C127FB022B00A074E3 /* MoneyTree */;
			targetProxy = 997A83D927FB022D00A074E3 /* PBXContainerItemProxy */;
		};
		997A83E427FB022D00A074E3 /* PBXTargetDependency */ = {
			isa = PBXTargetDependency;
			target = 997A83C127FB022B00A074E3 /* MoneyTree */;
			targetProxy = 997A83E327FB022D00A074E3 /* PBXContainerItemProxy */;
		};
/* End PBXTargetDependency section */

/* Begin PBXVariantGroup section */
		997A83D027FB022D00A074E3 /* LaunchScreen.storyboard */ = {
			isa = PBXVariantGroup;
			children = (
				997A83D127FB022D00A074E3 /* Base */,
			);
			name = LaunchScreen.storyboard;
			sourceTree = "<group>";
		};
/* End PBXVariantGroup section */

/* Begin XCBuildConfiguration section */
		997A83EA27FB022E00A074E3 /* Debug */ = {
			isa = XCBuildConfiguration;
			buildSettings = {
				ALWAYS_SEARCH_USER_PATHS = NO;
				CLANG_ANALYZER_NONNULL = YES;
				CLANG_ANALYZER_NUMBER_OBJECT_CONVERSION = YES_AGGRESSIVE;
				CLANG_CXX_LANGUAGE_STANDARD = "gnu++17";
				CLANG_CXX_LIBRARY = "libc++";
				CLANG_ENABLE_MODULES = YES;
				CLANG_ENABLE_OBJC_ARC = YES;
				CLANG_ENABLE_OBJC_WEAK = YES;
				CLANG_WARN_BLOCK_CAPTURE_AUTORELEASING = YES;
				CLANG_WARN_BOOL_CONVERSION = YES;
				CLANG_WARN_COMMA = YES;
				CLANG_WARN_CONSTANT_CONVERSION = YES;
				CLANG_WARN_DEPRECATED_OBJC_IMPLEMENTATIONS = YES;
				CLANG_WARN_DIRECT_OBJC_ISA_USAGE = YES_ERROR;
				CLANG_WARN_DOCUMENTATION_COMMENTS = YES;
				CLANG_WARN_EMPTY_BODY = YES;
				CLANG_WARN_ENUM_CONVERSION = YES;
				CLANG_WARN_INFINITE_RECURSION = YES;
				CLANG_WARN_INT_CONVERSION = YES;
				CLANG_WARN_NON_LITERAL_NULL_CONVERSION = YES;
				CLANG_WARN_OBJC_IMPLICIT_RETAIN_SELF = YES;
				CLANG_WARN_OBJC_LITERAL_CONVERSION = YES;
				CLANG_WARN_OBJC_ROOT_CLASS = YES_ERROR;
				CLANG_WARN_QUOTED_INCLUDE_IN_FRAMEWORK_HEADER = YES;
				CLANG_WARN_RANGE_LOOP_ANALYSIS = YES;
				CLANG_WARN_STRICT_PROTOTYPES = YES;
				CLANG_WARN_SUSPICIOUS_MOVE = YES;
				CLANG_WARN_UNGUARDED_AVAILABILITY = YES_AGGRESSIVE;
				CLANG_WARN_UNREACHABLE_CODE = YES;
				CLANG_WARN__DUPLICATE_METHOD_MATCH = YES;
				COPY_PHASE_STRIP = NO;
				DEBUG_INFORMATION_FORMAT = dwarf;
				ENABLE_STRICT_OBJC_MSGSEND = YES;
				ENABLE_TESTABILITY = YES;
				GCC_C_LANGUAGE_STANDARD = gnu11;
				GCC_DYNAMIC_NO_PIC = NO;
				GCC_NO_COMMON_BLOCKS = YES;
				GCC_OPTIMIZATION_LEVEL = 0;
				GCC_PREPROCESSOR_DEFINITIONS = (
					"DEBUG=1",
					"$(inherited)",
				);
				GCC_WARN_64_TO_32_BIT_CONVERSION = YES;
				GCC_WARN_ABOUT_RETURN_TYPE = YES_ERROR;
				GCC_WARN_UNDECLARED_SELECTOR = YES;
				GCC_WARN_UNINITIALIZED_AUTOS = YES_AGGRESSIVE;
				GCC_WARN_UNUSED_FUNCTION = YES;
				GCC_WARN_UNUSED_VARIABLE = YES;
				IPHONEOS_DEPLOYMENT_TARGET = 14.0;
				MTL_ENABLE_DEBUG_INFO = INCLUDE_SOURCE;
				MTL_FAST_MATH = YES;
				ONLY_ACTIVE_ARCH = YES;
				SDKROOT = iphoneos;
				SWIFT_ACTIVE_COMPILATION_CONDITIONS = DEBUG;
				SWIFT_OPTIMIZATION_LEVEL = "-Onone";
			};
			name = Debug;
		};
		997A83EB27FB022E00A074E3 /* Release */ = {
			isa = XCBuildConfiguration;
			buildSettings = {
				ALWAYS_SEARCH_USER_PATHS = NO;
				CLANG_ANALYZER_NONNULL = YES;
				CLANG_ANALYZER_NUMBER_OBJECT_CONVERSION = YES_AGGRESSIVE;
				CLANG_CXX_LANGUAGE_STANDARD = "gnu++17";
				CLANG_CXX_LIBRARY = "libc++";
				CLANG_ENABLE_MODULES = YES;
				CLANG_ENABLE_OBJC_ARC = YES;
				CLANG_ENABLE_OBJC_WEAK = YES;
				CLANG_WARN_BLOCK_CAPTURE_AUTORELEASING = YES;
				CLANG_WARN_BOOL_CONVERSION = YES;
				CLANG_WARN_COMMA = YES;
				CLANG_WARN_CONSTANT_CONVERSION = YES;
				CLANG_WARN_DEPRECATED_OBJC_IMPLEMENTATIONS = YES;
				CLANG_WARN_DIRECT_OBJC_ISA_USAGE = YES_ERROR;
				CLANG_WARN_DOCUMENTATION_COMMENTS = YES;
				CLANG_WARN_EMPTY_BODY = YES;
				CLANG_WARN_ENUM_CONVERSION = YES;
				CLANG_WARN_INFINITE_RECURSION = YES;
				CLANG_WARN_INT_CONVERSION = YES;
				CLANG_WARN_NON_LITERAL_NULL_CONVERSION = YES;
				CLANG_WARN_OBJC_IMPLICIT_RETAIN_SELF = YES;
				CLANG_WARN_OBJC_LITERAL_CONVERSION = YES;
				CLANG_WARN_OBJC_ROOT_CLASS = YES_ERROR;
				CLANG_WARN_QUOTED_INCLUDE_IN_FRAMEWORK_HEADER = YES;
				CLANG_WARN_RANGE_LOOP_ANALYSIS = YES;
				CLANG_WARN_STRICT_PROTOTYPES = YES;
				CLANG_WARN_SUSPICIOUS_MOVE = YES;
				CLANG_WARN_UNGUARDED_AVAILABILITY = YES_AGGRESSIVE;
				CLANG_WARN_UNREACHABLE_CODE = YES;
				CLANG_WARN__DUPLICATE_METHOD_MATCH = YES;
				COPY_PHASE_STRIP = NO;
				DEBUG_INFORMATION_FORMAT = "dwarf-with-dsym";
				ENABLE_NS_ASSERTIONS = NO;
				ENABLE_STRICT_OBJC_MSGSEND = YES;
				GCC_C_LANGUAGE_STANDARD = gnu11;
				GCC_NO_COMMON_BLOCKS = YES;
				GCC_WARN_64_TO_32_BIT_CONVERSION = YES;
				GCC_WARN_ABOUT_RETURN_TYPE = YES_ERROR;
				GCC_WARN_UNDECLARED_SELECTOR = YES;
				GCC_WARN_UNINITIALIZED_AUTOS = YES_AGGRESSIVE;
				GCC_WARN_UNUSED_FUNCTION = YES;
				GCC_WARN_UNUSED_VARIABLE = YES;
				IPHONEOS_DEPLOYMENT_TARGET = 14.0;
				MTL_ENABLE_DEBUG_INFO = NO;
				MTL_FAST_MATH = YES;
				SDKROOT = iphoneos;
				SWIFT_COMPILATION_MODE = wholemodule;
				SWIFT_OPTIMIZATION_LEVEL = "-O";
				VALIDATE_PRODUCT = YES;
			};
			name = Release;
		};
		997A83ED27FB022E00A074E3 /* Debug */ = {
			isa = XCBuildConfiguration;
			baseConfigurationReference = C955A7B72F468982CB51A70A /* Pods-MoneyTree.debug.xcconfig */;
			buildSettings = {
				ASSETCATALOG_COMPILER_APPICON_NAME = AppIcon;
				ASSETCATALOG_COMPILER_GLOBAL_ACCENT_COLOR_NAME = AccentColor;
				CODE_SIGN_STYLE = Automatic;
				CURRENT_PROJECT_VERSION = 1;
				DEVELOPMENT_TEAM = C5DH47KNGM;
				GENERATE_INFOPLIST_FILE = YES;
				INFOPLIST_FILE = MoneyTree/Info.plist;
				INFOPLIST_KEY_UIApplicationSupportsIndirectInputEvents = YES;
				INFOPLIST_KEY_UILaunchStoryboardName = LaunchScreen;
				INFOPLIST_KEY_UISupportedInterfaceOrientations_iPad = "UIInterfaceOrientationPortrait UIInterfaceOrientationPortraitUpsideDown UIInterfaceOrientationLandscapeLeft UIInterfaceOrientationLandscapeRight";
				INFOPLIST_KEY_UISupportedInterfaceOrientations_iPhone = "UIInterfaceOrientationPortrait UIInterfaceOrientationLandscapeLeft UIInterfaceOrientationLandscapeRight";
				IPHONEOS_DEPLOYMENT_TARGET = 14.0;
				LD_RUNPATH_SEARCH_PATHS = (
					"$(inherited)",
					"@executable_path/Frameworks",
				);
				MARKETING_VERSION = 1.0;
				PRODUCT_BUNDLE_IDENTIFIER = com.jxlim.MoneyTree;
				PRODUCT_NAME = "$(TARGET_NAME)";
				SWIFT_EMIT_LOC_STRINGS = YES;
				SWIFT_VERSION = 5.0;
				TARGETED_DEVICE_FAMILY = 1;
			};
			name = Debug;
		};
		997A83EE27FB022E00A074E3 /* Release */ = {
			isa = XCBuildConfiguration;
			baseConfigurationReference = 74F819F91E03593EBFE5283B /* Pods-MoneyTree.release.xcconfig */;
			buildSettings = {
				ASSETCATALOG_COMPILER_APPICON_NAME = AppIcon;
				ASSETCATALOG_COMPILER_GLOBAL_ACCENT_COLOR_NAME = AccentColor;
				CODE_SIGN_STYLE = Automatic;
				CURRENT_PROJECT_VERSION = 1;
				DEVELOPMENT_TEAM = C5DH47KNGM;
				GENERATE_INFOPLIST_FILE = YES;
				INFOPLIST_FILE = MoneyTree/Info.plist;
				INFOPLIST_KEY_UIApplicationSupportsIndirectInputEvents = YES;
				INFOPLIST_KEY_UILaunchStoryboardName = LaunchScreen;
				INFOPLIST_KEY_UISupportedInterfaceOrientations_iPad = "UIInterfaceOrientationPortrait UIInterfaceOrientationPortraitUpsideDown UIInterfaceOrientationLandscapeLeft UIInterfaceOrientationLandscapeRight";
				INFOPLIST_KEY_UISupportedInterfaceOrientations_iPhone = "UIInterfaceOrientationPortrait UIInterfaceOrientationLandscapeLeft UIInterfaceOrientationLandscapeRight";
				IPHONEOS_DEPLOYMENT_TARGET = 14.0;
				LD_RUNPATH_SEARCH_PATHS = (
					"$(inherited)",
					"@executable_path/Frameworks",
				);
				MARKETING_VERSION = 1.0;
				PRODUCT_BUNDLE_IDENTIFIER = com.jxlim.MoneyTree;
				PRODUCT_NAME = "$(TARGET_NAME)";
				SWIFT_EMIT_LOC_STRINGS = YES;
				SWIFT_VERSION = 5.0;
				TARGETED_DEVICE_FAMILY = 1;
			};
			name = Release;
		};
		997A83F027FB022E00A074E3 /* Debug */ = {
			isa = XCBuildConfiguration;
			baseConfigurationReference = 7A3556731A729A4E4D0416E5 /* Pods-MoneyTreeTests.debug.xcconfig */;
			buildSettings = {
				ALWAYS_EMBED_SWIFT_STANDARD_LIBRARIES = YES;
				BUNDLE_LOADER = "$(TEST_HOST)";
				CODE_SIGN_STYLE = Automatic;
				CURRENT_PROJECT_VERSION = 1;
				DEVELOPMENT_TEAM = C5DH47KNGM;
				GENERATE_INFOPLIST_FILE = YES;
				IPHONEOS_DEPLOYMENT_TARGET = 15.2;
				MARKETING_VERSION = 1.0;
				PRODUCT_BUNDLE_IDENTIFIER = com.jxlim.MoneyTreeTests;
				PRODUCT_NAME = "$(TARGET_NAME)";
				SWIFT_EMIT_LOC_STRINGS = NO;
				SWIFT_VERSION = 5.0;
				TARGETED_DEVICE_FAMILY = "1,2";
				TEST_HOST = "$(BUILT_PRODUCTS_DIR)/MoneyTree.app/MoneyTree";
			};
			name = Debug;
		};
		997A83F127FB022E00A074E3 /* Release */ = {
			isa = XCBuildConfiguration;
			baseConfigurationReference = 6D22E22A5D8F714B7AA5F017 /* Pods-MoneyTreeTests.release.xcconfig */;
			buildSettings = {
				ALWAYS_EMBED_SWIFT_STANDARD_LIBRARIES = YES;
				BUNDLE_LOADER = "$(TEST_HOST)";
				CODE_SIGN_STYLE = Automatic;
				CURRENT_PROJECT_VERSION = 1;
				DEVELOPMENT_TEAM = C5DH47KNGM;
				GENERATE_INFOPLIST_FILE = YES;
				IPHONEOS_DEPLOYMENT_TARGET = 15.2;
				MARKETING_VERSION = 1.0;
				PRODUCT_BUNDLE_IDENTIFIER = com.jxlim.MoneyTreeTests;
				PRODUCT_NAME = "$(TARGET_NAME)";
				SWIFT_EMIT_LOC_STRINGS = NO;
				SWIFT_VERSION = 5.0;
				TARGETED_DEVICE_FAMILY = "1,2";
				TEST_HOST = "$(BUILT_PRODUCTS_DIR)/MoneyTree.app/MoneyTree";
			};
			name = Release;
		};
		997A83F327FB022E00A074E3 /* Debug */ = {
			isa = XCBuildConfiguration;
			baseConfigurationReference = C6A262655267246083E282DC /* Pods-MoneyTree-MoneyTreeUITests.debug.xcconfig */;
			buildSettings = {
				ALWAYS_EMBED_SWIFT_STANDARD_LIBRARIES = YES;
				CODE_SIGN_STYLE = Automatic;
				CURRENT_PROJECT_VERSION = 1;
				DEVELOPMENT_TEAM = C5DH47KNGM;
				GENERATE_INFOPLIST_FILE = YES;
				MARKETING_VERSION = 1.0;
				PRODUCT_BUNDLE_IDENTIFIER = com.jxlim.MoneyTreeUITests;
				PRODUCT_NAME = "$(TARGET_NAME)";
				SWIFT_EMIT_LOC_STRINGS = NO;
				SWIFT_VERSION = 5.0;
				TARGETED_DEVICE_FAMILY = "1,2";
				TEST_TARGET_NAME = MoneyTree;
			};
			name = Debug;
		};
		997A83F427FB022E00A074E3 /* Release */ = {
			isa = XCBuildConfiguration;
			baseConfigurationReference = 8186227DBEE2A0239A757070 /* Pods-MoneyTree-MoneyTreeUITests.release.xcconfig */;
			buildSettings = {
				ALWAYS_EMBED_SWIFT_STANDARD_LIBRARIES = YES;
				CODE_SIGN_STYLE = Automatic;
				CURRENT_PROJECT_VERSION = 1;
				DEVELOPMENT_TEAM = C5DH47KNGM;
				GENERATE_INFOPLIST_FILE = YES;
				MARKETING_VERSION = 1.0;
				PRODUCT_BUNDLE_IDENTIFIER = com.jxlim.MoneyTreeUITests;
				PRODUCT_NAME = "$(TARGET_NAME)";
				SWIFT_EMIT_LOC_STRINGS = NO;
				SWIFT_VERSION = 5.0;
				TARGETED_DEVICE_FAMILY = "1,2";
				TEST_TARGET_NAME = MoneyTree;
			};
			name = Release;
		};
/* End XCBuildConfiguration section */

/* Begin XCConfigurationList section */
		997A83BD27FB022B00A074E3 /* Build configuration list for PBXProject "MoneyTree" */ = {
			isa = XCConfigurationList;
			buildConfigurations = (
				997A83EA27FB022E00A074E3 /* Debug */,
				997A83EB27FB022E00A074E3 /* Release */,
			);
			defaultConfigurationIsVisible = 0;
			defaultConfigurationName = Release;
		};
		997A83EC27FB022E00A074E3 /* Build configuration list for PBXNativeTarget "MoneyTree" */ = {
			isa = XCConfigurationList;
			buildConfigurations = (
				997A83ED27FB022E00A074E3 /* Debug */,
				997A83EE27FB022E00A074E3 /* Release */,
			);
			defaultConfigurationIsVisible = 0;
			defaultConfigurationName = Release;
		};
		997A83EF27FB022E00A074E3 /* Build configuration list for PBXNativeTarget "MoneyTreeTests" */ = {
			isa = XCConfigurationList;
			buildConfigurations = (
				997A83F027FB022E00A074E3 /* Debug */,
				997A83F127FB022E00A074E3 /* Release */,
			);
			defaultConfigurationIsVisible = 0;
			defaultConfigurationName = Release;
		};
		997A83F227FB022E00A074E3 /* Build configuration list for PBXNativeTarget "MoneyTreeUITests" */ = {
			isa = XCConfigurationList;
			buildConfigurations = (
				997A83F327FB022E00A074E3 /* Debug */,
				997A83F427FB022E00A074E3 /* Release */,
			);
			defaultConfigurationIsVisible = 0;
			defaultConfigurationName = Release;
		};
/* End XCConfigurationList section */
	};
	rootObject = 997A83BA27FB022B00A074E3 /* Project object */;
}
