// !$*UTF8*$!
{
	archiveVersion = 1;
	classes = {
	};
	objectVersion = 55;
	objects = {

/* Begin PBXBuildFile section */
		05FDC53B443A17A3B7C74729 /* Pods_MoneyTree.framework in Frameworks */ = {isa = PBXBuildFile; fileRef = 7B1E563776C69B85B0074E1F /* Pods_MoneyTree.framework */; };
		31F14780398AB8AFA9741D01 /* Pods_MoneyTree_MoneyTreeUITests.framework in Frameworks */ = {isa = PBXBuildFile; fileRef = 93BA04161D280B12C0B8D7F2 /* Pods_MoneyTree_MoneyTreeUITests.framework */; };
		98C5198EFCB95FDBF8BCBAA6 /* Pods_MoneyTreeTests.framework in Frameworks */ = {isa = PBXBuildFile; fileRef = 0713DC5FB31F38B84992B4D2 /* Pods_MoneyTreeTests.framework */; };
		997A83C627FB022B00A074E3 /* AppDelegate.swift in Sources */ = {isa = PBXBuildFile; fileRef = 997A83C527FB022B00A074E3 /* AppDelegate.swift */; };
		997A83C827FB022B00A074E3 /* SceneDelegate.swift in Sources */ = {isa = PBXBuildFile; fileRef = 997A83C727FB022B00A074E3 /* SceneDelegate.swift */; };
		997A83CA27FB022B00A074E3 /* ViewController.swift in Sources */ = {isa = PBXBuildFile; fileRef = 997A83C927FB022B00A074E3 /* ViewController.swift */; };
		997A83CF27FB022D00A074E3 /* Assets.xcassets in Resources */ = {isa = PBXBuildFile; fileRef = 997A83CE27FB022D00A074E3 /* Assets.xcassets */; };
		997A83D227FB022D00A074E3 /* LaunchScreen.storyboard in Resources */ = {isa = PBXBuildFile; fileRef = 997A83D027FB022D00A074E3 /* LaunchScreen.storyboard */; };
		997A83DD27FB022D00A074E3 /* MoneyTreeTests.swift in Sources */ = {isa = PBXBuildFile; fileRef = 997A83DC27FB022D00A074E3 /* MoneyTreeTests.swift */; };
		997A83E727FB022E00A074E3 /* MoneyTreeUITests.swift in Sources */ = {isa = PBXBuildFile; fileRef = 997A83E627FB022E00A074E3 /* MoneyTreeUITests.swift */; };
		997A83E927FB022E00A074E3 /* MoneyTreeUITestsLaunchTests.swift in Sources */ = {isa = PBXBuildFile; fileRef = 997A83E827FB022E00A074E3 /* MoneyTreeUITestsLaunchTests.swift */; };
/* End PBXBuildFile section */

/* Begin PBXContainerItemProxy section */
		997A83D927FB022D00A074E3 /* PBXContainerItemProxy */ = {
			isa = PBXContainerItemProxy;
			containerPortal = 997A83BA27FB022B00A074E3 /* Project object */;
			proxyType = 1;
			remoteGlobalIDString = 997A83C127FB022B00A074E3;
			remoteInfo = MoneyTree;
		};
		997A83E327FB022D00A074E3 /* PBXContainerItemProxy */ = {
			isa = PBXContainerItemProxy;
			containerPortal = 997A83BA27FB022B00A074E3 /* Project object */;
			proxyType = 1;
			remoteGlobalIDString = 997A83C127FB022B00A074E3;
			remoteInfo = MoneyTree;
		};
/* End PBXContainerItemProxy section */

/* Begin PBXFileReference section */
		0713DC5FB31F38B84992B4D2 /* Pods_MoneyTreeTests.framework */ = {isa = PBXFileReference; explicitFileType = wrapper.framework; includeInIndex = 0; path = Pods_MoneyTreeTests.framework; sourceTree = BUILT_PRODUCTS_DIR; };
		6D22E22A5D8F714B7AA5F017 /* Pods-MoneyTreeTests.release.xcconfig */ = {isa = PBXFileReference; includeInIndex = 1; lastKnownFileType = text.xcconfig; name = "Pods-MoneyTreeTests.release.xcconfig"; path = "Target Support Files/Pods-MoneyTreeTests/Pods-MoneyTreeTests.release.xcconfig"; sourceTree = "<group>"; };
		74F819F91E03593EBFE5283B /* Pods-MoneyTree.release.xcconfig */ = {isa = PBXFileReference; includeInIndex = 1; lastKnownFileType = text.xcconfig; name = "Pods-MoneyTree.release.xcconfig"; path = "Target Support Files/Pods-MoneyTree/Pods-MoneyTree.release.xcconfig"; sourceTree = "<group>"; };
		7A3556731A729A4E4D0416E5 /* Pods-MoneyTreeTests.debug.xcconfig */ = {isa = PBXFileReference; includeInIndex = 1; lastKnownFileType = text.xcconfig; name = "Pods-MoneyTreeTests.debug.xcconfig"; path = "Target Support Files/Pods-MoneyTreeTests/Pods-MoneyTreeTests.debug.xcconfig"; sourceTree = "<group>"; };
		7B1E563776C69B85B0074E1F /* Pods_MoneyTree.framework */ = {isa = PBXFileReference; explicitFileType = wrapper.framework; includeInIndex = 0; path = Pods_MoneyTree.framework; sourceTree = BUILT_PRODUCTS_DIR; };
		8186227DBEE2A0239A757070 /* Pods-MoneyTree-MoneyTreeUITests.release.xcconfig */ = {isa = PBXFileReference; includeInIndex = 1; lastKnownFileType = text.xcconfig; name = "Pods-MoneyTree-MoneyTreeUITests.release.xcconfig"; path = "Target Support Files/Pods-MoneyTree-MoneyTreeUITests/Pods-MoneyTree-MoneyTreeUITests.release.xcconfig"; sourceTree = "<group>"; };
		93BA04161D280B12C0B8D7F2 /* Pods_MoneyTree_MoneyTreeUITests.framework */ = {isa = PBXFileReference; explicitFileType = wrapper.framework; includeInIndex = 0; path = Pods_MoneyTree_MoneyTreeUITests.framework; sourceTree = BUILT_PRODUCTS_DIR; };
		997A83C227FB022B00A074E3 /* MoneyTree.app */ = {isa = PBXFileReference; explicitFileType = wrapper.application; includeInIndex = 0; path = MoneyTree.app; sourceTree = BUILT_PRODUCTS_DIR; };
		997A83C527FB022B00A074E3 /* AppDelegate.swift */ = {isa = PBXFileReference; lastKnownFileType = sourcecode.swift; path = AppDelegate.swift; sourceTree = "<group>"; };
		997A83C727FB022B00A074E3 /* SceneDelegate.swift */ = {isa = PBXFileReference; lastKnownFileType = sourcecode.swift; path = SceneDelegate.swift; sourceTree = "<group>"; };
		997A83C927FB022B00A074E3 /* ViewController.swift */ = {isa = PBXFileReference; lastKnownFileType = sourcecode.swift; path = ViewController.swift; sourceTree = "<group>"; };
		997A83CE27FB022D00A074E3 /* Assets.xcassets */ = {isa = PBXFileReference; lastKnownFileType = folder.assetcatalog; path = Assets.xcassets; sourceTree = "<group>"; };
		997A83D127FB022D00A074E3 /* Base */ = {isa = PBXFileReference; lastKnownFileType = file.storyboard; name = Base; path = Base.lproj/LaunchScreen.storyboard; sourceTree = "<group>"; };
		997A83D327FB022D00A074E3 /* Info.plist */ = {isa = PBXFileReference; lastKnownFileType = text.plist.xml; path = Info.plist; sourceTree = "<group>"; };
		997A83D827FB022D00A074E3 /* MoneyTreeTests.xctest */ = {isa = PBXFileReference; explicitFileType = wrapper.cfbundle; includeInIndex = 0; path = MoneyTreeTests.xctest; sourceTree = BUILT_PRODUCTS_DIR; };
		997A83DC27FB022D00A074E3 /* MoneyTreeTests.swift */ = {isa = PBXFileReference; lastKnownFileType = sourcecode.swift; path = MoneyTreeTests.swift; sourceTree = "<group>"; };
		997A83E227FB022D00A074E3 /* MoneyTreeUITests.xctest */ = {isa = PBXFileReference; explicitFileType = wrapper.cfbundle; includeInIndex = 0; path = MoneyTreeUITests.xctest; sourceTree = BUILT_PRODUCTS_DIR; };
		997A83E627FB022E00A074E3 /* MoneyTreeUITests.swift */ = {isa = PBXFileReference; lastKnownFileType = sourcecode.swift; path = MoneyTreeUITests.swift; sourceTree = "<group>"; };
		997A83E827FB022E00A074E3 /* MoneyTreeUITestsLaunchTests.swift */ = {isa = PBXFileReference; lastKnownFileType = sourcecode.swift; path = MoneyTreeUITestsLaunchTests.swift; sourceTree = "<group>"; };
		C6A262655267246083E282DC /* Pods-MoneyTree-MoneyTreeUITests.debug.xcconfig */ = {isa = PBXFileReference; includeInIndex = 1; lastKnownFileType = text.xcconfig; name = "Pods-MoneyTree-MoneyTreeUITests.debug.xcconfig"; path = "Target Support Files/Pods-MoneyTree-MoneyTreeUITests/Pods-MoneyTree-MoneyTreeUITests.debug.xcconfig"; sourceTree = "<group>"; };
		C955A7B72F468982CB51A70A /* Pods-MoneyTree.debug.xcconfig */ = {isa = PBXFileReference; includeInIndex = 1; lastKnownFileType = text.xcconfig; name = "Pods-MoneyTree.debug.xcconfig"; path = "Target Support Files/Pods-MoneyTree/Pods-MoneyTree.debug.xcconfig"; sourceTree = "<group>"; };
/* End PBXFileReference section */

/* Begin PBXFrameworksBuildPhase section */
		997A83BF27FB022B00A074E3 /* Frameworks */ = {
			isa = PBXFrameworksBuildPhase;
			buildActionMask = 2147483647;
			files = (
				05FDC53B443A17A3B7C74729 /* Pods_MoneyTree.framework in Frameworks */,
			);
			runOnlyForDeploymentPostprocessing = 0;
		};
		997A83D527FB022D00A074E3 /* Frameworks */ = {
			isa = PBXFrameworksBuildPhase;
			buildActionMask = 2147483647;
			files = (
				98C5198EFCB95FDBF8BCBAA6 /* Pods_MoneyTreeTests.framework in Frameworks */,
			);
			runOnlyForDeploymentPostprocessing = 0;
		};
		997A83DF27FB022D00A074E3 /* Frameworks */ = {
			isa = PBXFrameworksBuildPhase;
			buildActionMask = 2147483647;
			files = (
				31F14780398AB8AFA9741D01 /* Pods_MoneyTree_MoneyTreeUITests.framework in Frameworks */,
			);
			runOnlyForDeploymentPostprocessing = 0;
		};
/* End PBXFrameworksBuildPhase section */

/* Begin PBXGroup section */
		997A83B927FB022B00A074E3 = {
			isa = PBXGroup;
			children = (
				997A83C427FB022B00A074E3 /* MoneyTree */,
				997A83DB27FB022D00A074E3 /* MoneyTreeTests */,
				997A83E527FB022E00A074E3 /* MoneyTreeUITests */,
				997A83C327FB022B00A074E3 /* Products */,
				DA6A5C9FA71FF78117013EC2 /* Pods */,
				B7769836B32FE64152A246CB /* Frameworks */,
			);
			sourceTree = "<group>";
		};
		997A83C327FB022B00A074E3 /* Products */ = {
			isa = PBXGroup;
			children = (
				997A83C227FB022B00A074E3 /* MoneyTree.app */,
				997A83D827FB022D00A074E3 /* MoneyTreeTests.xctest */,
				997A83E227FB022D00A074E3 /* MoneyTreeUITests.xctest */,
			);
			name = Products;
			sourceTree = "<group>";
		};
		997A83C427FB022B00A074E3 /* MoneyTree */ = {
			isa = PBXGroup;
			children = (
				997A83C527FB022B00A074E3 /* AppDelegate.swift */,
				997A83C727FB022B00A074E3 /* SceneDelegate.swift */,
				997A83C927FB022B00A074E3 /* ViewController.swift */,
				997A83CE27FB022D00A074E3 /* Assets.xcassets */,
				997A83D027FB022D00A074E3 /* LaunchScreen.storyboard */,
				997A83D327FB022D00A074E3 /* Info.plist */,
			);
			path = MoneyTree;
			sourceTree = "<group>";
		};
		997A83DB27FB022D00A074E3 /* MoneyTreeTests */ = {
			isa = PBXGroup;
			children = (
				997A83DC27FB022D00A074E3 /* MoneyTreeTests.swift */,
			);
			path = MoneyTreeTests;
			sourceTree = "<group>";
		};
		997A83E527FB022E00A074E3 /* MoneyTreeUITests */ = {
			isa = PBXGroup;
			children = (
				997A83E627FB022E00A074E3 /* MoneyTreeUITests.swift */,
				997A83E827FB022E00A074E3 /* MoneyTreeUITestsLaunchTests.swift */,
			);
			path = MoneyTreeUITests;
			sourceTree = "<group>";
		};
		B7769836B32FE64152A246CB /* Frameworks */ = {
			isa = PBXGroup;
			children = (
				7B1E563776C69B85B0074E1F /* Pods_MoneyTree.framework */,
				93BA04161D280B12C0B8D7F2 /* Pods_MoneyTree_MoneyTreeUITests.framework */,
				0713DC5FB31F38B84992B4D2 /* Pods_MoneyTreeTests.framework */,
			);
			name = Frameworks;
			sourceTree = "<group>";
		};
		DA6A5C9FA71FF78117013EC2 /* Pods */ = {
			isa = PBXGroup;
			children = (
				C955A7B72F468982CB51A70A /* Pods-MoneyTree.debug.xcconfig */,
				74F819F91E03593EBFE5283B /* Pods-MoneyTree.release.xcconfig */,
				C6A262655267246083E282DC /* Pods-MoneyTree-MoneyTreeUITests.debug.xcconfig */,
				8186227DBEE2A0239A757070 /* Pods-MoneyTree-MoneyTreeUITests.release.xcconfig */,
				7A3556731A729A4E4D0416E5 /* Pods-MoneyTreeTests.debug.xcconfig */,
				6D22E22A5D8F714B7AA5F017 /* Pods-MoneyTreeTests.release.xcconfig */,
			);
			name = Pods;
			path = Pods;
			sourceTree = "<group>";
		};
/* End PBXGroup section */

/* Begin PBXNativeTarget section */
		997A83C127FB022B00A074E3 /* MoneyTree */ = {
			isa = PBXNativeTarget;
			buildConfigurationList = 997A83EC27FB022E00A074E3 /* Build configuration list for PBXNativeTarget "MoneyTree" */;
			buildPhases = (
				2BB0E2A25B6A3ADCFC5998C4 /* [CP] Check Pods Manifest.lock */,
				997A83BE27FB022B00A074E3 /* Sources */,
				997A83BF27FB022B00A074E3 /* Frameworks */,
				997A83C027FB022B00A074E3 /* Resources */,
				93485CD9EEDFB1351DEE0A3D /* [CP] Embed Pods Frameworks */,
			);
			buildRules = (
			);
			dependencies = (
			);
			name = MoneyTree;
			productName = MoneyTree;
			productReference = 997A83C227FB022B00A074E3 /* MoneyTree.app */;
			productType = "com.apple.product-type.application";
		};
		997A83D727FB022D00A074E3 /* MoneyTreeTests */ = {
			isa = PBXNativeTarget;
			buildConfigurationList = 997A83EF27FB022E00A074E3 /* Build configuration list for PBXNativeTarget "MoneyTreeTests" */;
			buildPhases = (
				271422F69921FE940638F8A5 /* [CP] Check Pods Manifest.lock */,
				997A83D427FB022D00A074E3 /* Sources */,
				997A83D527FB022D00A074E3 /* Frameworks */,
				997A83D627FB022D00A074E3 /* Resources */,
			);
			buildRules = (
			);
			dependencies = (
				997A83DA27FB022D00A074E3 /* PBXTargetDependency */,
			);
			name = MoneyTreeTests;
			productName = MoneyTreeTests;
			productReference = 997A83D827FB022D00A074E3 /* MoneyTreeTests.xctest */;
			productType = "com.apple.product-type.bundle.unit-test";
		};
		997A83E127FB022D00A074E3 /* MoneyTreeUITests */ = {
			isa = PBXNativeTarget;
			buildConfigurationList = 997A83F227FB022E00A074E3 /* Build configuration list for PBXNativeTarget "MoneyTreeUITests" */;
			buildPhases = (
				AA5C206A89BB60631BBE1D01 /* [CP] Check Pods Manifest.lock */,
				997A83DE27FB022D00A074E3 /* Sources */,
				997A83DF27FB022D00A074E3 /* Frameworks */,
				997A83E027FB022D00A074E3 /* Resources */,
				7526447C8D4A74B9D5B540C0 /* [CP] Embed Pods Frameworks */,
			);
			buildRules = (
			);
			dependencies = (
				997A83E427FB022D00A074E3 /* PBXTargetDependency */,
			);
			name = MoneyTreeUITests;
			productName = MoneyTreeUITests;
			productReference = 997A83E227FB022D00A074E3 /* MoneyTreeUITests.xctest */;
			productType = "com.apple.product-type.bundle.ui-testing";
		};
/* End PBXNativeTarget section */

/* Begin PBXProject section */
		997A83BA27FB022B00A074E3 /* Project object */ = {
			isa = PBXProject;
			attributes = {
				BuildIndependentTargetsInParallel = 1;
				LastSwiftUpdateCheck = 1320;
				LastUpgradeCheck = 1320;
				TargetAttributes = {
					997A83C127FB022B00A074E3 = {
						CreatedOnToolsVersion = 13.2.1;
					};
					997A83D727FB022D00A074E3 = {
						CreatedOnToolsVersion = 13.2.1;
						TestTargetID = 997A83C127FB022B00A074E3;
					};
					997A83E127FB022D00A074E3 = {
						CreatedOnToolsVersion = 13.2.1;
						TestTargetID = 997A83C127FB022B00A074E3;
					};
				};
			};
			buildConfigurationList = 997A83BD27FB022B00A074E3 /* Build configuration list for PBXProject "MoneyTree" */;
			compatibilityVersion = "Xcode 13.0";
			developmentRegion = en;
			hasScannedForEncodings = 0;
			knownRegions = (
				en,
				Base,
			);
			mainGroup = 997A83B927FB022B00A074E3;
			productRefGroup = 997A83C327FB022B00A074E3 /* Products */;
			projectDirPath = "";
			projectRoot = "";
			targets = (
				997A83C127FB022B00A074E3 /* MoneyTree */,
				997A83D727FB022D00A074E3 /* MoneyTreeTests */,
				997A83E127FB022D00A074E3 /* MoneyTreeUITests */,
			);
		};
/* End PBXProject section */

/* Begin PBXResourcesBuildPhase section */
		997A83C027FB022B00A074E3 /* Resources */ = {
			isa = PBXResourcesBuildPhase;
			buildActionMask = 2147483647;
			files = (
				997A83D227FB022D00A074E3 /* LaunchScreen.storyboard in Resources */,
				997A83CF27FB022D00A074E3 /* Assets.xcassets in Resources */,
			);
			runOnlyForDeploymentPostprocessing = 0;
		};
		997A83D627FB022D00A074E3 /* Resources */ = {
			isa = PBXResourcesBuildPhase;
			buildActionMask = 2147483647;
			files = (
			);
			runOnlyForDeploymentPostprocessing = 0;
		};
		997A83E027FB022D00A074E3 /* Resources */ = {
			isa = PBXResourcesBuildPhase;
			buildActionMask = 2147483647;
			files = (
			);
			runOnlyForDeploymentPostprocessing = 0;
		};
/* End PBXResourcesBuildPhase section */

/* Begin PBXShellScriptBuildPhase section */
		271422F69921FE940638F8A5 /* [CP] Check Pods Manifest.lock */ = {
			isa = PBXShellScriptBuildPhase;
			buildActionMask = 2147483647;
			files = (
			);
			inputFileListPaths = (
			);
			inputPaths = (
				"${PODS_PODFILE_DIR_PATH}/Podfile.lock",
				"${PODS_ROOT}/Manifest.lock",
			);
			name = "[CP] Check Pods Manifest.lock";
			outputFileListPaths = (
			);
			outputPaths = (
				"$(DERIVED_FILE_DIR)/Pods-MoneyTreeTests-checkManifestLockResult.txt",
			);
			runOnlyForDeploymentPostprocessing = 0;
			shellPath = /bin/sh;
			shellScript = "diff \"${PODS_PODFILE_DIR_PATH}/Podfile.lock\" \"${PODS_ROOT}/Manifest.lock\" > /dev/null\nif [ $? != 0 ] ; then\n    # print error to STDERR\n    echo \"error: The sandbox is not in sync with the Podfile.lock. Run 'pod install' or update your CocoaPods installation.\" >&2\n    exit 1\nfi\n# This output is used by Xcode 'outputs' to avoid re-running this script phase.\necho \"SUCCESS\" > \"${SCRIPT_OUTPUT_FILE_0}\"\n";
			showEnvVarsInLog = 0;
		};
		2BB0E2A25B6A3ADCFC5998C4 /* [CP] Check Pods Manifest.lock */ = {
			isa = PBXShellScriptBuildPhase;
			buildActionMask = 2147483647;
			files = (
			);
			inputFileListPaths = (
			);
			inputPaths = (
				"${PODS_PODFILE_DIR_PATH}/Podfile.lock",
				"${PODS_ROOT}/Manifest.lock",
			);
			name = "[CP] Check Pods Manifest.lock";
			outputFileListPaths = (
			);
			outputPaths = (
				"$(DERIVED_FILE_DIR)/Pods-MoneyTree-checkManifestLockResult.txt",
			);
			runOnlyForDeploymentPostprocessing = 0;
			shellPath = /bin/sh;
			shellScript = "diff \"${PODS_PODFILE_DIR_PATH}/Podfile.lock\" \"${PODS_ROOT}/Manifest.lock\" > /dev/null\nif [ $? != 0 ] ; then\n    # print error to STDERR\n    echo \"error: The sandbox is not in sync with the Podfile.lock. Run 'pod install' or update your CocoaPods installation.\" >&2\n    exit 1\nfi\n# This output is used by Xcode 'outputs' to avoid re-running this script phase.\necho \"SUCCESS\" > \"${SCRIPT_OUTPUT_FILE_0}\"\n";
			showEnvVarsInLog = 0;
		};
		7526447C8D4A74B9D5B540C0 /* [CP] Embed Pods Frameworks */ = {
			isa = PBXShellScriptBuildPhase;
			buildActionMask = 2147483647;
			files = (
			);
			inputFileListPaths = (
				"${PODS_ROOT}/Target Support Files/Pods-MoneyTree-MoneyTreeUITests/Pods-MoneyTree-MoneyTreeUITests-frameworks-${CONFIGURATION}-input-files.xcfilelist",
			);
			name = "[CP] Embed Pods Frameworks";
			outputFileListPaths = (
				"${PODS_ROOT}/Target Support Files/Pods-MoneyTree-MoneyTreeUITests/Pods-MoneyTree-MoneyTreeUITests-frameworks-${CONFIGURATION}-output-files.xcfilelist",
			);
			runOnlyForDeploymentPostprocessing = 0;
			shellPath = /bin/sh;
			shellScript = "\"${PODS_ROOT}/Target Support Files/Pods-MoneyTree-MoneyTreeUITests/Pods-MoneyTree-MoneyTreeUITests-frameworks.sh\"\n";
			showEnvVarsInLog = 0;
		};
		93485CD9EEDFB1351DEE0A3D /* [CP] Embed Pods Frameworks */ = {
			isa = PBXShellScriptBuildPhase;
			buildActionMask = 2147483647;
			files = (
			);
			inputFileListPaths = (
				"${PODS_ROOT}/Target Support Files/Pods-MoneyTree/Pods-MoneyTree-frameworks-${CONFIGURATION}-input-files.xcfilelist",
			);
			name = "[CP] Embed Pods Frameworks";
			outputFileListPaths = (
				"${PODS_ROOT}/Target Support Files/Pods-MoneyTree/Pods-MoneyTree-frameworks-${CONFIGURATION}-output-files.xcfilelist",
			);
			runOnlyForDeploymentPostprocessing = 0;
			shellPath = /bin/sh;
			shellScript = "\"${PODS_ROOT}/Target Support Files/Pods-MoneyTree/Pods-MoneyTree-frameworks.sh\"\n";
			showEnvVarsInLog = 0;
		};
		AA5C206A89BB60631BBE1D01 /* [CP] Check Pods Manifest.lock */ = {
			isa = PBXShellScriptBuildPhase;
			buildActionMask = 2147483647;
			files = (
			);
			inputFileListPaths = (
			);
			inputPaths = (
				"${PODS_PODFILE_DIR_PATH}/Podfile.lock",
				"${PODS_ROOT}/Manifest.lock",
			);
			name = "[CP] Check Pods Manifest.lock";
			outputFileListPaths = (
			);
			outputPaths = (
				"$(DERIVED_FILE_DIR)/Pods-MoneyTree-MoneyTreeUITests-checkManifestLockResult.txt",
			);
			runOnlyForDeploymentPostprocessing = 0;
			shellPath = /bin/sh;
			shellScript = "diff \"${PODS_PODFILE_DIR_PATH}/Podfile.lock\" \"${PODS_ROOT}/Manifest.lock\" > /dev/null\nif [ $? != 0 ] ; then\n    # print error to STDERR\n    echo \"error: The sandbox is not in sync with the Podfile.lock. Run 'pod install' or update your CocoaPods installation.\" >&2\n    exit 1\nfi\n# This output is used by Xcode 'outputs' to avoid re-running this script phase.\necho \"SUCCESS\" > \"${SCRIPT_OUTPUT_FILE_0}\"\n";
			showEnvVarsInLog = 0;
		};
/* End PBXShellScriptBuildPhase section */

/* Begin PBXSourcesBuildPhase section */
		997A83BE27FB022B00A074E3 /* Sources */ = {
			isa = PBXSourcesBuildPhase;
			buildActionMask = 2147483647;
			files = (
				997A83CA27FB022B00A074E3 /* ViewController.swift in Sources */,
				997A83C627FB022B00A074E3 /* AppDelegate.swift in Sources */,
				997A83C827FB022B00A074E3 /* SceneDelegate.swift in Sources */,
			);
			runOnlyForDeploymentPostprocessing = 0;
		};
		997A83D427FB022D00A074E3 /* Sources */ = {
			isa = PBXSourcesBuildPhase;
			buildActionMask = 2147483647;
			files = (
				997A83DD27FB022D00A074E3 /* MoneyTreeTests.swift in Sources */,
			);
			runOnlyForDeploymentPostprocessing = 0;
		};
		997A83DE27FB022D00A074E3 /* Sources */ = {
			isa = PBXSourcesBuildPhase;
			buildActionMask = 2147483647;
			files = (
				997A83E727FB022E00A074E3 /* MoneyTreeUITests.swift in Sources */,
				997A83E927FB022E00A074E3 /* MoneyTreeUITestsLaunchTests.swift in Sources */,
			);
			runOnlyForDeploymentPostprocessing = 0;
		};
/* End PBXSourcesBuildPhase section */

/* Begin PBXTargetDependency section */
		997A83DA27FB022D00A074E3 /* PBXTargetDependency */ = {
			isa = PBXTargetDependency;
			target = 997A83C127FB022B00A074E3 /* MoneyTree */;
			targetProxy = 997A83D927FB022D00A074E3 /* PBXContainerItemProxy */;
		};
		997A83E427FB022D00A074E3 /* PBXTargetDependency */ = {
			isa = PBXTargetDependency;
			target = 997A83C127FB022B00A074E3 /* MoneyTree */;
			targetProxy = 997A83E327FB022D00A074E3 /* PBXContainerItemProxy */;
		};
/* End PBXTargetDependency section */

/* Begin PBXVariantGroup section */
		997A83D027FB022D00A074E3 /* LaunchScreen.storyboard */ = {
			isa = PBXVariantGroup;
			children = (
				997A83D127FB022D00A074E3 /* Base */,
			);
			name = LaunchScreen.storyboard;
			sourceTree = "<group>";
		};
/* End PBXVariantGroup section */

/* Begin XCBuildConfiguration section */
		997A83EA27FB022E00A074E3 /* Debug */ = {
			isa = XCBuildConfiguration;
			buildSettings = {
				ALWAYS_SEARCH_USER_PATHS = NO;
				CLANG_ANALYZER_NONNULL = YES;
				CLANG_ANALYZER_NUMBER_OBJECT_CONVERSION = YES_AGGRESSIVE;
				CLANG_CXX_LANGUAGE_STANDARD = "gnu++17";
				CLANG_CXX_LIBRARY = "libc++";
				CLANG_ENABLE_MODULES = YES;
				CLANG_ENABLE_OBJC_ARC = YES;
				CLANG_ENABLE_OBJC_WEAK = YES;
				CLANG_WARN_BLOCK_CAPTURE_AUTORELEASING = YES;
				CLANG_WARN_BOOL_CONVERSION = YES;
				CLANG_WARN_COMMA = YES;
				CLANG_WARN_CONSTANT_CONVERSION = YES;
				CLANG_WARN_DEPRECATED_OBJC_IMPLEMENTATIONS = YES;
				CLANG_WARN_DIRECT_OBJC_ISA_USAGE = YES_ERROR;
				CLANG_WARN_DOCUMENTATION_COMMENTS = YES;
				CLANG_WARN_EMPTY_BODY = YES;
				CLANG_WARN_ENUM_CONVERSION = YES;
				CLANG_WARN_INFINITE_RECURSION = YES;
				CLANG_WARN_INT_CONVERSION = YES;
				CLANG_WARN_NON_LITERAL_NULL_CONVERSION = YES;
				CLANG_WARN_OBJC_IMPLICIT_RETAIN_SELF = YES;
				CLANG_WARN_OBJC_LITERAL_CONVERSION = YES;
				CLANG_WARN_OBJC_ROOT_CLASS = YES_ERROR;
				CLANG_WARN_QUOTED_INCLUDE_IN_FRAMEWORK_HEADER = YES;
				CLANG_WARN_RANGE_LOOP_ANALYSIS = YES;
				CLANG_WARN_STRICT_PROTOTYPES = YES;
				CLANG_WARN_SUSPICIOUS_MOVE = YES;
				CLANG_WARN_UNGUARDED_AVAILABILITY = YES_AGGRESSIVE;
				CLANG_WARN_UNREACHABLE_CODE = YES;
				CLANG_WARN__DUPLICATE_METHOD_MATCH = YES;
				COPY_PHASE_STRIP = NO;
				DEBUG_INFORMATION_FORMAT = dwarf;
				ENABLE_STRICT_OBJC_MSGSEND = YES;
				ENABLE_TESTABILITY = YES;
				GCC_C_LANGUAGE_STANDARD = gnu11;
				GCC_DYNAMIC_NO_PIC = NO;
				GCC_NO_COMMON_BLOCKS = YES;
				GCC_OPTIMIZATION_LEVEL = 0;
				GCC_PREPROCESSOR_DEFINITIONS = (
					"DEBUG=1",
					"$(inherited)",
				);
				GCC_WARN_64_TO_32_BIT_CONVERSION = YES;
				GCC_WARN_ABOUT_RETURN_TYPE = YES_ERROR;
				GCC_WARN_UNDECLARED_SELECTOR = YES;
				GCC_WARN_UNINITIALIZED_AUTOS = YES_AGGRESSIVE;
				GCC_WARN_UNUSED_FUNCTION = YES;
				GCC_WARN_UNUSED_VARIABLE = YES;
				IPHONEOS_DEPLOYMENT_TARGET = 14.0;
				MTL_ENABLE_DEBUG_INFO = INCLUDE_SOURCE;
				MTL_FAST_MATH = YES;
				ONLY_ACTIVE_ARCH = YES;
				SDKROOT = iphoneos;
				SWIFT_ACTIVE_COMPILATION_CONDITIONS = DEBUG;
				SWIFT_OPTIMIZATION_LEVEL = "-Onone";
			};
			name = Debug;
		};
		997A83EB27FB022E00A074E3 /* Release */ = {
			isa = XCBuildConfiguration;
			buildSettings = {
				ALWAYS_SEARCH_USER_PATHS = NO;
				CLANG_ANALYZER_NONNULL = YES;
				CLANG_ANALYZER_NUMBER_OBJECT_CONVERSION = YES_AGGRESSIVE;
				CLANG_CXX_LANGUAGE_STANDARD = "gnu++17";
				CLANG_CXX_LIBRARY = "libc++";
				CLANG_ENABLE_MODULES = YES;
				CLANG_ENABLE_OBJC_ARC = YES;
				CLANG_ENABLE_OBJC_WEAK = YES;
				CLANG_WARN_BLOCK_CAPTURE_AUTORELEASING = YES;
				CLANG_WARN_BOOL_CONVERSION = YES;
				CLANG_WARN_COMMA = YES;
				CLANG_WARN_CONSTANT_CONVERSION = YES;
				CLANG_WARN_DEPRECATED_OBJC_IMPLEMENTATIONS = YES;
				CLANG_WARN_DIRECT_OBJC_ISA_USAGE = YES_ERROR;
				CLANG_WARN_DOCUMENTATION_COMMENTS = YES;
				CLANG_WARN_EMPTY_BODY = YES;
				CLANG_WARN_ENUM_CONVERSION = YES;
				CLANG_WARN_INFINITE_RECURSION = YES;
				CLANG_WARN_INT_CONVERSION = YES;
				CLANG_WARN_NON_LITERAL_NULL_CONVERSION = YES;
				CLANG_WARN_OBJC_IMPLICIT_RETAIN_SELF = YES;
				CLANG_WARN_OBJC_LITERAL_CONVERSION = YES;
				CLANG_WARN_OBJC_ROOT_CLASS = YES_ERROR;
				CLANG_WARN_QUOTED_INCLUDE_IN_FRAMEWORK_HEADER = YES;
				CLANG_WARN_RANGE_LOOP_ANALYSIS = YES;
				CLANG_WARN_STRICT_PROTOTYPES = YES;
				CLANG_WARN_SUSPICIOUS_MOVE = YES;
				CLANG_WARN_UNGUARDED_AVAILABILITY = YES_AGGRESSIVE;
				CLANG_WARN_UNREACHABLE_CODE = YES;
				CLANG_WARN__DUPLICATE_METHOD_MATCH = YES;
				COPY_PHASE_STRIP = NO;
				DEBUG_INFORMATION_FORMAT = "dwarf-with-dsym";
				ENABLE_NS_ASSERTIONS = NO;
				ENABLE_STRICT_OBJC_MSGSEND = YES;
				GCC_C_LANGUAGE_STANDARD = gnu11;
				GCC_NO_COMMON_BLOCKS = YES;
				GCC_WARN_64_TO_32_BIT_CONVERSION = YES;
				GCC_WARN_ABOUT_RETURN_TYPE = YES_ERROR;
				GCC_WARN_UNDECLARED_SELECTOR = YES;
				GCC_WARN_UNINITIALIZED_AUTOS = YES_AGGRESSIVE;
				GCC_WARN_UNUSED_FUNCTION = YES;
				GCC_WARN_UNUSED_VARIABLE = YES;
				IPHONEOS_DEPLOYMENT_TARGET = 14.0;
				MTL_ENABLE_DEBUG_INFO = NO;
				MTL_FAST_MATH = YES;
				SDKROOT = iphoneos;
				SWIFT_COMPILATION_MODE = wholemodule;
				SWIFT_OPTIMIZATION_LEVEL = "-O";
				VALIDATE_PRODUCT = YES;
			};
			name = Release;
		};
		997A83ED27FB022E00A074E3 /* Debug */ = {
			isa = XCBuildConfiguration;
			baseConfigurationReference = C955A7B72F468982CB51A70A /* Pods-MoneyTree.debug.xcconfig */;
			buildSettings = {
				ASSETCATALOG_COMPILER_APPICON_NAME = AppIcon;
				ASSETCATALOG_COMPILER_GLOBAL_ACCENT_COLOR_NAME = AccentColor;
				CODE_SIGN_STYLE = Automatic;
				CURRENT_PROJECT_VERSION = 1;
				DEVELOPMENT_TEAM = C5DH47KNGM;
				GENERATE_INFOPLIST_FILE = YES;
				INFOPLIST_FILE = MoneyTree/Info.plist;
				INFOPLIST_KEY_UIApplicationSupportsIndirectInputEvents = YES;
				INFOPLIST_KEY_UILaunchStoryboardName = LaunchScreen;
				INFOPLIST_KEY_UISupportedInterfaceOrientations_iPad = "UIInterfaceOrientationPortrait UIInterfaceOrientationPortraitUpsideDown UIInterfaceOrientationLandscapeLeft UIInterfaceOrientationLandscapeRight";
				INFOPLIST_KEY_UISupportedInterfaceOrientations_iPhone = "UIInterfaceOrientationPortrait UIInterfaceOrientationLandscapeLeft UIInterfaceOrientationLandscapeRight";
				IPHONEOS_DEPLOYMENT_TARGET = 14.0;
				LD_RUNPATH_SEARCH_PATHS = (
					"$(inherited)",
					"@executable_path/Frameworks",
				);
				MARKETING_VERSION = 1.0;
				PRODUCT_BUNDLE_IDENTIFIER = com.jxlim.MoneyTree;
				PRODUCT_NAME = "$(TARGET_NAME)";
				SWIFT_EMIT_LOC_STRINGS = YES;
				SWIFT_VERSION = 5.0;
				TARGETED_DEVICE_FAMILY = 1;
			};
			name = Debug;
		};
		997A83EE27FB022E00A074E3 /* Release */ = {
			isa = XCBuildConfiguration;
			baseConfigurationReference = 74F819F91E03593EBFE5283B /* Pods-MoneyTree.release.xcconfig */;
			buildSettings = {
				ASSETCATALOG_COMPILER_APPICON_NAME = AppIcon;
				ASSETCATALOG_COMPILER_GLOBAL_ACCENT_COLOR_NAME = AccentColor;
				CODE_SIGN_STYLE = Automatic;
				CURRENT_PROJECT_VERSION = 1;
				DEVELOPMENT_TEAM = C5DH47KNGM;
				GENERATE_INFOPLIST_FILE = YES;
				INFOPLIST_FILE = MoneyTree/Info.plist;
				INFOPLIST_KEY_UIApplicationSupportsIndirectInputEvents = YES;
				INFOPLIST_KEY_UILaunchStoryboardName = LaunchScreen;
				INFOPLIST_KEY_UISupportedInterfaceOrientations_iPad = "UIInterfaceOrientationPortrait UIInterfaceOrientationPortraitUpsideDown UIInterfaceOrientationLandscapeLeft UIInterfaceOrientationLandscapeRight";
				INFOPLIST_KEY_UISupportedInterfaceOrientations_iPhone = "UIInterfaceOrientationPortrait UIInterfaceOrientationLandscapeLeft UIInterfaceOrientationLandscapeRight";
				IPHONEOS_DEPLOYMENT_TARGET = 14.0;
				LD_RUNPATH_SEARCH_PATHS = (
					"$(inherited)",
					"@executable_path/Frameworks",
				);
				MARKETING_VERSION = 1.0;
				PRODUCT_BUNDLE_IDENTIFIER = com.jxlim.MoneyTree;
				PRODUCT_NAME = "$(TARGET_NAME)";
				SWIFT_EMIT_LOC_STRINGS = YES;
				SWIFT_VERSION = 5.0;
				TARGETED_DEVICE_FAMILY = 1;
			};
			name = Release;
		};
		997A83F027FB022E00A074E3 /* Debug */ = {
			isa = XCBuildConfiguration;
			baseConfigurationReference = 7A3556731A729A4E4D0416E5 /* Pods-MoneyTreeTests.debug.xcconfig */;
			buildSettings = {
				ALWAYS_EMBED_SWIFT_STANDARD_LIBRARIES = YES;
				BUNDLE_LOADER = "$(TEST_HOST)";
				CODE_SIGN_STYLE = Automatic;
				CURRENT_PROJECT_VERSION = 1;
				DEVELOPMENT_TEAM = C5DH47KNGM;
				GENERATE_INFOPLIST_FILE = YES;
				IPHONEOS_DEPLOYMENT_TARGET = 15.2;
				MARKETING_VERSION = 1.0;
				PRODUCT_BUNDLE_IDENTIFIER = com.jxlim.MoneyTreeTests;
				PRODUCT_NAME = "$(TARGET_NAME)";
				SWIFT_EMIT_LOC_STRINGS = NO;
				SWIFT_VERSION = 5.0;
				TARGETED_DEVICE_FAMILY = "1,2";
				TEST_HOST = "$(BUILT_PRODUCTS_DIR)/MoneyTree.app/MoneyTree";
			};
			name = Debug;
		};
		997A83F127FB022E00A074E3 /* Release */ = {
			isa = XCBuildConfiguration;
			baseConfigurationReference = 6D22E22A5D8F714B7AA5F017 /* Pods-MoneyTreeTests.release.xcconfig */;
			buildSettings = {
				ALWAYS_EMBED_SWIFT_STANDARD_LIBRARIES = YES;
				BUNDLE_LOADER = "$(TEST_HOST)";
				CODE_SIGN_STYLE = Automatic;
				CURRENT_PROJECT_VERSION = 1;
				DEVELOPMENT_TEAM = C5DH47KNGM;
				GENERATE_INFOPLIST_FILE = YES;
				IPHONEOS_DEPLOYMENT_TARGET = 15.2;
				MARKETING_VERSION = 1.0;
				PRODUCT_BUNDLE_IDENTIFIER = com.jxlim.MoneyTreeTests;
				PRODUCT_NAME = "$(TARGET_NAME)";
				SWIFT_EMIT_LOC_STRINGS = NO;
				SWIFT_VERSION = 5.0;
				TARGETED_DEVICE_FAMILY = "1,2";
				TEST_HOST = "$(BUILT_PRODUCTS_DIR)/MoneyTree.app/MoneyTree";
			};
			name = Release;
		};
		997A83F327FB022E00A074E3 /* Debug */ = {
			isa = XCBuildConfiguration;
			baseConfigurationReference = C6A262655267246083E282DC /* Pods-MoneyTree-MoneyTreeUITests.debug.xcconfig */;
			buildSettings = {
				ALWAYS_EMBED_SWIFT_STANDARD_LIBRARIES = YES;
				CODE_SIGN_STYLE = Automatic;
				CURRENT_PROJECT_VERSION = 1;
				DEVELOPMENT_TEAM = C5DH47KNGM;
				GENERATE_INFOPLIST_FILE = YES;
				MARKETING_VERSION = 1.0;
				PRODUCT_BUNDLE_IDENTIFIER = com.jxlim.MoneyTreeUITests;
				PRODUCT_NAME = "$(TARGET_NAME)";
				SWIFT_EMIT_LOC_STRINGS = NO;
				SWIFT_VERSION = 5.0;
				TARGETED_DEVICE_FAMILY = "1,2";
				TEST_TARGET_NAME = MoneyTree;
			};
			name = Debug;
		};
		997A83F427FB022E00A074E3 /* Release */ = {
			isa = XCBuildConfiguration;
			baseConfigurationReference = 8186227DBEE2A0239A757070 /* Pods-MoneyTree-MoneyTreeUITests.release.xcconfig */;
			buildSettings = {
				ALWAYS_EMBED_SWIFT_STANDARD_LIBRARIES = YES;
				CODE_SIGN_STYLE = Automatic;
				CURRENT_PROJECT_VERSION = 1;
				DEVELOPMENT_TEAM = C5DH47KNGM;
				GENERATE_INFOPLIST_FILE = YES;
				MARKETING_VERSION = 1.0;
				PRODUCT_BUNDLE_IDENTIFIER = com.jxlim.MoneyTreeUITests;
				PRODUCT_NAME = "$(TARGET_NAME)";
				SWIFT_EMIT_LOC_STRINGS = NO;
				SWIFT_VERSION = 5.0;
				TARGETED_DEVICE_FAMILY = "1,2";
				TEST_TARGET_NAME = MoneyTree;
			};
			name = Release;
		};
/* End XCBuildConfiguration section */

/* Begin XCConfigurationList section */
		997A83BD27FB022B00A074E3 /* Build configuration list for PBXProject "MoneyTree" */ = {
			isa = XCConfigurationList;
			buildConfigurations = (
				997A83EA27FB022E00A074E3 /* Debug */,
				997A83EB27FB022E00A074E3 /* Release */,
			);
			defaultConfigurationIsVisible = 0;
			defaultConfigurationName = Release;
		};
		997A83EC27FB022E00A074E3 /* Build configuration list for PBXNativeTarget "MoneyTree" */ = {
			isa = XCConfigurationList;
			buildConfigurations = (
				997A83ED27FB022E00A074E3 /* Debug */,
				997A83EE27FB022E00A074E3 /* Release */,
			);
			defaultConfigurationIsVisible = 0;
			defaultConfigurationName = Release;
		};
		997A83EF27FB022E00A074E3 /* Build configuration list for PBXNativeTarget "MoneyTreeTests" */ = {
			isa = XCConfigurationList;
			buildConfigurations = (
				997A83F027FB022E00A074E3 /* Debug */,
				997A83F127FB022E00A074E3 /* Release */,
			);
			defaultConfigurationIsVisible = 0;
			defaultConfigurationName = Release;
		};
		997A83F227FB022E00A074E3 /* Build configuration list for PBXNativeTarget "MoneyTreeUITests" */ = {
			isa = XCConfigurationList;
			buildConfigurations = (
				997A83F327FB022E00A074E3 /* Debug */,
				997A83F427FB022E00A074E3 /* Release */,
			);
			defaultConfigurationIsVisible = 0;
			defaultConfigurationName = Release;
		};
/* End XCConfigurationList section */
	};
	rootObject = 997A83BA27FB022B00A074E3 /* Project object */;
}
